
Microsoft Visual Studio Solution File, Format Version 12.00
# Visual Studio Version 17
VisualStudioVersion = 17.11.35303.130
MinimumVisualStudioVersion = 10.0.40219.1
Project("{2150E333-8FDC-42A3-9474-1A3956D46DE8}") = "components", "components", "{FF1089BE-C704-4374-B629-C57C08E1798F}"
EndProject
Project("{9A19103F-16F7-4668-BE54-9A1E7A4F7556}") = "BootstrapBlazor.BaiduMap", "src\components\BootstrapBlazor.BaiduMap\BootstrapBlazor.BaiduMap.csproj", "{22C6D47A-F770-4813-B363-F2C90455E870}"
EndProject
Project("{9A19103F-16F7-4668-BE54-9A1E7A4F7556}") = "BootstrapBlazor.BarcodeGenerator", "src\components\BootstrapBlazor.BarcodeGenerator\BootstrapBlazor.BarcodeGenerator.csproj", "{0E6F09A3-61C4-4945-9DC8-5E00CE547DBD}"
EndProject
Project("{9A19103F-16F7-4668-BE54-9A1E7A4F7556}") = "BootstrapBlazor.FileSystem", "src\components\BootstrapBlazor.FileSystem\BootstrapBlazor.FileSystem.csproj", "{203B9DE4-201C-4223-AD0E-4823777AB9A7}"
EndProject
Project("{9A19103F-16F7-4668-BE54-9A1E7A4F7556}") = "BootstrapBlazor.FileViewer", "src\components\BootstrapBlazor.FileViewer\BootstrapBlazor.FileViewer.csproj", "{3EBD90E6-5237-4BB0-9C14-CC1FC5956A1B}"
EndProject
Project("{9A19103F-16F7-4668-BE54-9A1E7A4F7556}") = "BootstrapBlazor.ImageCropper", "src\components\BootstrapBlazor.ImageCropper\BootstrapBlazor.ImageCropper.csproj", "{079E4289-E2C6-47A9-98C2-9193F8A5D415}"
EndProject
Project("{9A19103F-16F7-4668-BE54-9A1E7A4F7556}") = "BootstrapBlazor.ImageHelper", "src\components\BootstrapBlazor.ImageHelper\BootstrapBlazor.ImageHelper.csproj", "{BF6F0A50-93DA-4F40-9936-933FEBF3B5CA}"
EndProject
Project("{9A19103F-16F7-4668-BE54-9A1E7A4F7556}") = "BootstrapBlazor.Maps", "src\components\BootstrapBlazor.Maps\BootstrapBlazor.Maps.csproj", "{A6FE7E0D-04EB-4E74-9C28-0B0920BEF7D4}"
EndProject
Project("{9A19103F-16F7-4668-BE54-9A1E7A4F7556}") = "BootstrapBlazor.MindMap", "src\components\BootstrapBlazor.MindMap\BootstrapBlazor.MindMap.csproj", "{72D0DB26-0437-499F-ACD6-4F90EA8513ED}"
EndProject
Project("{9A19103F-16F7-4668-BE54-9A1E7A4F7556}") = "BootstrapBlazor.OCR", "src\components\BootstrapBlazor.OCR\BootstrapBlazor.OCR.csproj", "{F979AFA9-E3CF-43DF-A7EA-3C63213D3C72}"
EndProject
Project("{9A19103F-16F7-4668-BE54-9A1E7A4F7556}") = "BootstrapBlazor.OfdReader", "src\components\BootstrapBlazor.OfdReader\BootstrapBlazor.OfdReader.csproj", "{C1BD1FA6-BFD5-42E3-ADB5-4D4BA51653BA}"
EndProject
Project("{9A19103F-16F7-4668-BE54-9A1E7A4F7556}") = "BootstrapBlazor.OnScreenKeyboard", "src\components\BootstrapBlazor.OnScreenKeyboard\BootstrapBlazor.OnScreenKeyboard.csproj", "{21A163D4-DC81-4B87-BA1B-9B5F48D66587}"
EndProject
Project("{9A19103F-16F7-4668-BE54-9A1E7A4F7556}") = "BootstrapBlazor.OpenAI", "src\components\BootstrapBlazor.OpenAI.GPT3\BootstrapBlazor.OpenAI.csproj", "{4E88785F-AD6A-4B57-BEC1-89F63A51BB63}"
EndProject
Project("{9A19103F-16F7-4668-BE54-9A1E7A4F7556}") = "BootstrapBlazor.PdfReader", "src\components\BootstrapBlazor.PdfReader\BootstrapBlazor.PdfReader.csproj", "{D84EF7E9-2A5E-4EA8-BC2B-54289276A16D}"
EndProject
Project("{9A19103F-16F7-4668-BE54-9A1E7A4F7556}") = "BootstrapBlazor.SignaturePad", "src\components\BootstrapBlazor.SignaturePad\BootstrapBlazor.SignaturePad.csproj", "{CC30AFF5-305E-43C8-B230-1A82AE3041F2}"
EndProject
Project("{9A19103F-16F7-4668-BE54-9A1E7A4F7556}") = "BootstrapBlazor.VideoPlayer", "src\components\BootstrapBlazor.VideoPlayer\BootstrapBlazor.VideoPlayer.csproj", "{CE85D4DD-6F4A-49AF-B575-2429FC545E7B}"
EndProject
Project("{9A19103F-16F7-4668-BE54-9A1E7A4F7556}") = "BootstrapBlazor.Viewer", "src\components\BootstrapBlazor.Viewer\BootstrapBlazor.Viewer.csproj", "{98BF777B-3AC1-4169-8633-F69D9A6EB275}"
EndProject
Project("{9A19103F-16F7-4668-BE54-9A1E7A4F7556}") = "BootstrapBlazor.WebAPI", "src\components\BootstrapBlazor.WebAPI\BootstrapBlazor.WebAPI.csproj", "{AB6EE78F-B778-42BA-91AB-234AC4F60C16}"
EndProject
Project("{9A19103F-16F7-4668-BE54-9A1E7A4F7556}") = "BootstrapBlazor.AntDesignIcon", "src\components\BootstrapBlazor.AntDesignIcon\BootstrapBlazor.AntDesignIcon.csproj", "{7FFCC03C-147B-4257-A035-2A31A807F173}"
EndProject
Project("{9A19103F-16F7-4668-BE54-9A1E7A4F7556}") = "BootstrapBlazor.AzureOpenAI", "src\components\BootstrapBlazor.AzureOpenAI\BootstrapBlazor.AzureOpenAI.csproj", "{C546E031-1A92-409F-8E9C-4FD9A15FC042}"
EndProject
Project("{9A19103F-16F7-4668-BE54-9A1E7A4F7556}") = "BootstrapBlazor.AzureSpeech", "src\components\BootstrapBlazor.AzureSpeech\BootstrapBlazor.AzureSpeech.csproj", "{26DEC31C-40C2-4F3B-9A9D-2BEA313AA59C}"
EndProject
Project("{9A19103F-16F7-4668-BE54-9A1E7A4F7556}") = "BootstrapBlazor.AzureTranslator", "src\components\BootstrapBlazor.AzureTranslator\BootstrapBlazor.AzureTranslator.csproj", "{65181D1B-AD7C-4223-B230-6AB95EC1DA19}"
EndProject
Project("{9A19103F-16F7-4668-BE54-9A1E7A4F7556}") = "BootstrapBlazor.BaiduOcr", "src\components\BootstrapBlazor.BaiduOcr\BootstrapBlazor.BaiduOcr.csproj", "{FBC02566-6622-43DC-B105-A0C95E9D94EB}"
EndProject
Project("{9A19103F-16F7-4668-BE54-9A1E7A4F7556}") = "BootstrapBlazor.BaiduSpeech", "src\components\BootstrapBlazor.BaiduSpeech\BootstrapBlazor.BaiduSpeech.csproj", "{14EBAC86-E192-4BFA-80C1-91F91BDDE6A4}"
EndProject
Project("{9A19103F-16F7-4668-BE54-9A1E7A4F7556}") = "BootstrapBlazor.BarCode", "src\components\BootstrapBlazor.BarCode\BootstrapBlazor.BarCode.csproj", "{A5F1444E-D86F-4740-BADD-EF042193FD92}"
EndProject
Project("{9A19103F-16F7-4668-BE54-9A1E7A4F7556}") = "BootstrapBlazor.BootstrapIcon", "src\components\BootstrapBlazor.BootstrapIcon\BootstrapBlazor.BootstrapIcon.csproj", "{C78E90E8-47EC-4A1E-A108-D0CD018CE417}"
EndProject
Project("{9A19103F-16F7-4668-BE54-9A1E7A4F7556}") = "BootstrapBlazor.BootstrapIcon.Extensions", "src\components\BootstrapBlazor.BootstrapIcon.Extensions\BootstrapBlazor.BootstrapIcon.Extensions.csproj", "{9881C559-4DD1-48A7-B02C-5516FE06B513}"
EndProject
Project("{9A19103F-16F7-4668-BE54-9A1E7A4F7556}") = "BootstrapBlazor.Chart", "src\components\BootstrapBlazor.Chart\BootstrapBlazor.Chart.csproj", "{A9D480F3-7D56-4E82-A71A-3378DE18A2D2}"
EndProject
Project("{9A19103F-16F7-4668-BE54-9A1E7A4F7556}") = "BootstrapBlazor.CherryMarkdown", "src\components\BootstrapBlazor.CherryMarkdown\BootstrapBlazor.CherryMarkdown.csproj", "{A6B947E9-450C-45D7-BDC0-AE3C12D3FBA3}"
EndProject
Project("{9A19103F-16F7-4668-BE54-9A1E7A4F7556}") = "BootstrapBlazor.CodeEditor", "src\components\BootstrapBlazor.CodeEditor\BootstrapBlazor.CodeEditor.csproj", "{80A0135B-6F5B-4CB0-90F5-0060D241136A}"
EndProject
Project("{9A19103F-16F7-4668-BE54-9A1E7A4F7556}") = "BootstrapBlazor.Core", "src\components\BootstrapBlazor.Core\BootstrapBlazor.Core.csproj", "{A2163EE1-9F38-425A-97B1-C4CDAD6E6DAD}"
EndProject
Project("{9A19103F-16F7-4668-BE54-9A1E7A4F7556}") = "BootstrapBlazor.Dock", "src\components\BootstrapBlazor.Dock\BootstrapBlazor.Dock.csproj", "{B0D2BBC7-D1BB-4F7C-ADE0-59BEBF3BB5D0}"
EndProject
Project("{9A19103F-16F7-4668-BE54-9A1E7A4F7556}") = "BootstrapBlazor.DockView", "src\components\BootstrapBlazor.DockView\BootstrapBlazor.DockView.csproj", "{4B71D8F7-CF9C-44CE-B371-45FBFEE0FB6E}"
EndProject
Project("{9A19103F-16F7-4668-BE54-9A1E7A4F7556}") = "BootstrapBlazor.DriverJs", "src\components\BootstrapBlazor.DriverJs\BootstrapBlazor.DriverJs.csproj", "{F538D58D-58B1-4BA2-A933-E91AC168F568}"
EndProject
Project("{9A19103F-16F7-4668-BE54-9A1E7A4F7556}") = "BootstrapBlazor.ElementIcon", "src\components\BootstrapBlazor.ElementIcon\BootstrapBlazor.ElementIcon.csproj", "{BB03EAB9-9B5F-49E2-87CC-E61A06AF2DE7}"
EndProject
Project("{9A19103F-16F7-4668-BE54-9A1E7A4F7556}") = "BootstrapBlazor.FloatingUI", "src\components\BootstrapBlazor.FloatingUI\BootstrapBlazor.FloatingUI.csproj", "{309D35E1-8B17-4488-93BC-D6B301B1F853}"
EndProject
Project("{9A19103F-16F7-4668-BE54-9A1E7A4F7556}") = "BootstrapBlazor.FontAwesome", "src\components\BootstrapBlazor.FontAwesome\BootstrapBlazor.FontAwesome.csproj", "{CC7C4278-BC2E-49D0-BE18-BF8D28EFE6E7}"
EndProject
Project("{9A19103F-16F7-4668-BE54-9A1E7A4F7556}") = "BootstrapBlazor.Gantt", "src\components\BootstrapBlazor.Gantt\BootstrapBlazor.Gantt.csproj", "{BB7FBAC6-0F98-4443-B3A0-B7D0F4164D20}"
EndProject
Project("{9A19103F-16F7-4668-BE54-9A1E7A4F7556}") = "BootstrapBlazor.Holiday", "src\components\BootstrapBlazor.Holiday\BootstrapBlazor.Holiday.csproj", "{162A2C8E-767C-41A7-9020-729E79C4F1F9}"
EndProject
Project("{9A19103F-16F7-4668-BE54-9A1E7A4F7556}") = "BootstrapBlazor.Html2Pdf", "src\components\BootstrapBlazor.Html2Pdf\BootstrapBlazor.Html2Pdf.csproj", "{E386EBD8-0028-42B7-8473-F26014C0E326}"
EndProject
Project("{9A19103F-16F7-4668-BE54-9A1E7A4F7556}") = "BootstrapBlazor.IconPark", "src\components\BootstrapBlazor.IconPark\BootstrapBlazor.IconPark.csproj", "{8B374E31-BBC3-4765-82C7-E124C4E1E731}"
EndProject
Project("{9A19103F-16F7-4668-BE54-9A1E7A4F7556}") = "BootstrapBlazor.Live2DDisplay", "src\components\BootstrapBlazor.Live2DDisplay\BootstrapBlazor.Live2DDisplay.csproj", "{496554A7-52B0-4E01-9CF3-08F0A2B2FCD8}"
EndProject
Project("{9A19103F-16F7-4668-BE54-9A1E7A4F7556}") = "BootstrapBlazor.Markdown", "src\components\BootstrapBlazor.Markdown\BootstrapBlazor.Markdown.csproj", "{7C875492-41A2-401D-90B1-161BCD5103DC}"
EndProject
Project("{9A19103F-16F7-4668-BE54-9A1E7A4F7556}") = "BootstrapBlazor.MaterialDesign", "src\components\BootstrapBlazor.MaterialDesign\BootstrapBlazor.MaterialDesign.csproj", "{126D5C86-2C33-4E79-A762-DBEA6E7A779E}"
EndProject
Project("{9A19103F-16F7-4668-BE54-9A1E7A4F7556}") = "BootstrapBlazor.MaterialDesign.Extensions", "src\components\BootstrapBlazor.MaterialDesign.Extensions\BootstrapBlazor.MaterialDesign.Extensions.csproj", "{FE0E98BE-0C24-4C41-BFF6-E031630F5AA7}"
EndProject
Project("{9A19103F-16F7-4668-BE54-9A1E7A4F7556}") = "BootstrapBlazor.MouseFollower", "src\components\BootstrapBlazor.MouseFollower\BootstrapBlazor.MouseFollower.csproj", "{7DD55FF1-54BF-4B4C-9B74-603C79D9EC07}"
EndProject
Project("{9A19103F-16F7-4668-BE54-9A1E7A4F7556}") = "BootstrapBlazor.Player", "src\components\BootstrapBlazor.Player\BootstrapBlazor.Player.csproj", "{2D0F834A-522F-4CF3-A6BB-BC2585D8505E}"
EndProject
Project("{9A19103F-16F7-4668-BE54-9A1E7A4F7556}") = "BootstrapBlazor.Sortable", "src\components\BootstrapBlazor.Sortable\BootstrapBlazor.Sortable.csproj", "{9F61C73D-EFF4-4226-ADEF-4B32F03AA371}"
EndProject
Project("{9A19103F-16F7-4668-BE54-9A1E7A4F7556}") = "BootstrapBlazor.Splitting", "src\components\BootstrapBlazor.Splitting\BootstrapBlazor.Splitting.csproj", "{4D0A145A-029E-4DD9-841F-302E8B2AB143}"
EndProject
Project("{9A19103F-16F7-4668-BE54-9A1E7A4F7556}") = "BootstrapBlazor.SummerNote", "src\components\BootstrapBlazor.SummerNote\BootstrapBlazor.SummerNote.csproj", "{150033CC-28E8-47B2-9704-F6203964B5F1}"
EndProject
Project("{9A19103F-16F7-4668-BE54-9A1E7A4F7556}") = "BootstrapBlazor.TableExport", "src\components\BootstrapBlazor.TableExport\BootstrapBlazor.TableExport.csproj", "{AC89886C-4216-4D20-B8DD-CFEAFC6AB2C8}"
EndProject
Project("{9A19103F-16F7-4668-BE54-9A1E7A4F7556}") = "BootstrapBlazor.TagHelper", "src\components\BootstrapBlazor.TagHelper\BootstrapBlazor.TagHelper.csproj", "{45F1D4EB-AFB6-484B-90D3-DB684B76E693}"
EndProject
Project("{9A19103F-16F7-4668-BE54-9A1E7A4F7556}") = "BootstrapBlazor.Topology", "src\components\BootstrapBlazor.Topology\BootstrapBlazor.Topology.csproj", "{2D702BA7-AB23-46BD-9F54-7F7E28322790}"
EndProject
Project("{9A19103F-16F7-4668-BE54-9A1E7A4F7556}") = "BootstrapBlazor.WinBox", "src\components\BootstrapBlazor.WinBox\BootstrapBlazor.WinBox.csproj", "{A8113292-7E73-417A-8E23-9F69F5577816}"
EndProject
Project("{2150E333-8FDC-42A3-9474-1A3956D46DE8}") = "configurations", "configurations", "{3A0D5F7E-6701-437A-9EE7-05516FBCEA1B}"
	ProjectSection(SolutionItems) = preProject
		Directory.Build.props = Directory.Build.props
		exclusion.dic = exclusion.dic
	EndProjectSection
EndProject
Project("{2150E333-8FDC-42A3-9474-1A3956D46DE8}") = "extensions", "extensions", "{7B29E81D-92DE-46C8-8EDC-1B48C8F12BC2}"
EndProject
Project("{9A19103F-16F7-4668-BE54-9A1E7A4F7556}") = "BootstrapBlazor.DataAccess.EntityFrameworkCore", "src\extensions\BootstrapBlazor.DataAccess.EntityFrameworkCore\BootstrapBlazor.DataAccess.EntityFrameworkCore.csproj", "{2662E3C2-F511-4DE0-AA72-FE453031993F}"
EndProject
Project("{9A19103F-16F7-4668-BE54-9A1E7A4F7556}") = "BootstrapBlazor.DataAccess.FreeSql", "src\extensions\BootstrapBlazor.DataAccess.FreeSql\BootstrapBlazor.DataAccess.FreeSql.csproj", "{9BFFB509-9B57-4FE7-B2A1-4D6AFEEE0067}"
EndProject
Project("{9A19103F-16F7-4668-BE54-9A1E7A4F7556}") = "BootstrapBlazor.DataAccess.PetaPoco", "src\extensions\BootstrapBlazor.DataAccess.PetaPoco\BootstrapBlazor.DataAccess.PetaPoco.csproj", "{2E338270-C302-4E13-A681-7F80E1BEE158}"
EndProject
Project("{9A19103F-16F7-4668-BE54-9A1E7A4F7556}") = "BootstrapBlazor.DataAccess.SqlSugar", "src\extensions\BootstrapBlazor.DataAccess.SqlSugar\BootstrapBlazor.DataAccess.SqlSugar.csproj", "{750E2849-EA95-4849-A7E7-09920E30765D}"
EndProject
Project("{2150E333-8FDC-42A3-9474-1A3956D46DE8}") = "middelware", "middelware", "{BB06AD5B-3F2B-4B59-A135-36AF999A614F}"
EndProject
Project("{2150E333-8FDC-42A3-9474-1A3956D46DE8}") = "test", "test", "{B6A98ADE-D26A-4D0B-8978-AB7AC915F5AE}"
EndProject
Project("{9A19103F-16F7-4668-BE54-9A1E7A4F7556}") = "UnitTestEditor", "test\UnitTestEditor\UnitTestEditor.csproj", "{37979C83-5E5F-4525-85D7-DA20B27F831F}"
EndProject
Project("{9A19103F-16F7-4668-BE54-9A1E7A4F7556}") = "UnitTestHoliday", "test\UnitTestHoliday\UnitTestHoliday.csproj", "{22594AD2-3E36-4984-949C-8B578B402EDE}"
EndProject
Project("{2150E333-8FDC-42A3-9474-1A3956D46DE8}") = "src", "src", "{A48E5EAB-6EFB-4A78-810E-A3E79CF749F5}"
EndProject
Project("{2150E333-8FDC-42A3-9474-1A3956D46DE8}") = "props", "props", "{FF8B3A19-60DC-4802-9FA0-9FE670C7D565}"
	ProjectSection(SolutionItems) = preProject
		src\.gitignore = src\.gitignore
		src\Directory.Build.props = src\Directory.Build.props
		src\Directory.Build.targets = src\Directory.Build.targets
		src\Frameworks.props = src\Frameworks.props
		src\Logo.props = src\Logo.props
		src\readme.md = src\readme.md
		src\SourceLink.targets = src\SourceLink.targets
	EndProjectSection
EndProject
Project("{FAE04EC0-301F-11D3-BF4B-00C04F79EFBC}") = "BootstrapBlazor.Middleware", "src\middleware\BootstrapBlazor.Middleware\BootstrapBlazor.Middleware.csproj", "{2D783293-CEBD-4365-B8A1-0F9E76D73295}"
EndProject
Project("{FAE04EC0-301F-11D3-BF4B-00C04F79EFBC}") = "BootstrapBlazor.WebSerialPort", "src\components\BootstrapBlazor.WebSerialPort\BootstrapBlazor.WebSerialPort.csproj", "{76ACED46-6DA0-44C7-B5F5-05A6BB4CDB1E}"
EndProject
Project("{FAE04EC0-301F-11D3-BF4B-00C04F79EFBC}") = "BootstrapBlazor.Html2Pdf.Select", "src\components\BootstrapBlazor.Html2Pdf.Select\BootstrapBlazor.Html2Pdf.Select.csproj", "{11FD9DF2-3F3F-4AF1-8C85-446190F7D887}"
EndProject
Project("{FAE04EC0-301F-11D3-BF4B-00C04F79EFBC}") = "BootstrapBlazor.SvgEditor", "src\components\BootstrapBlazor.SVGEditor\BootstrapBlazor.SvgEditor.csproj", "{29E47F4A-CE03-42B5-BDAA-FB4B40D4C897}"
EndProject
Project("{FAE04EC0-301F-11D3-BF4B-00C04F79EFBC}") = "BootstrapBlazor.Mermaid", "src\components\BootstrapBlazor.Mermaid\BootstrapBlazor.Mermaid.csproj", "{DA2198E1-2CA9-EE53-926B-7950AB4B5EBF}"
EndProject
Project("{FAE04EC0-301F-11D3-BF4B-00C04F79EFBC}") = "BootstrapBlazor.MeiliSearch", "src\components\BootstrapBlazor.MeiliSearch\BootstrapBlazor.MeiliSearch.csproj", "{4B086A62-5F5A-47BC-921F-35803F26DD68}"
EndProject
Project("{FAE04EC0-301F-11D3-BF4B-00C04F79EFBC}") = "UniTestSvgIcon", "test\UniTestSvgIcon\UniTestSvgIcon.csproj", "{F965576B-A801-4473-85FE-E100125FDEF5}"
EndProject
Project("{FAE04EC0-301F-11D3-BF4B-00C04F79EFBC}") = "BootstrapBlazor.RDKit", "src\components\BootstrapBlazor.RDKit\BootstrapBlazor.RDKit.csproj", "{7328E464-AE3C-4277-BEC3-422C56637066}"
EndProject
Project("{FAE04EC0-301F-11D3-BF4B-00C04F79EFBC}") = "BootstrapBlazor.SmilesDrawer", "src\components\BootstrapBlazor.SmilesDrawer\BootstrapBlazor.SmilesDrawer.csproj", "{84823875-1B07-4CCE-A009-29AEF90C6C10}"
EndProject
Project("{FAE04EC0-301F-11D3-BF4B-00C04F79EFBC}") = "BootstrapBlazor.OctIcon", "src\components\BootstrapBlazor.OctIcon\BootstrapBlazor.OctIcon.csproj", "{AA4EDA37-1D81-4235-A7F6-F1C112B364EF}"
EndProject
Project("{FAE04EC0-301F-11D3-BF4B-00C04F79EFBC}") = "BootstrapBlazor.IP2Region", "src\components\BootstrapBlazor.IP2Region\BootstrapBlazor.IP2Region.csproj", "{8A46FEDF-FD76-48AB-9BB2-47254C7623A4}"
EndProject
Project("{FAE04EC0-301F-11D3-BF4B-00C04F79EFBC}") = "BootstrapBlazor.JuHeIpLocatorProvider", "src\components\BootstrapBlazor.JuHeIpLocatorProvider\BootstrapBlazor.JuHeIpLocatorProvider.csproj", "{C882891F-4A6A-C9BE-AC96-227764A4A46A}"
EndProject
Project("{FAE04EC0-301F-11D3-BF4B-00C04F79EFBC}") = "BootstrapBlazor.Html2Image", "src\components\BootstrapBlazor.Html2Image\BootstrapBlazor.Html2Image.csproj", "{F184D96E-7855-4E3B-B447-D09DBC1C91C6}"
EndProject
Project("{FAE04EC0-301F-11D3-BF4B-00C04F79EFBC}") = "BootstrapBlazor.UniverSheet", "src\components\BootstrapBlazor.UniverSheet\BootstrapBlazor.UniverSheet.csproj", "{E30AAB64-BF28-4960-89C1-1F521025F531}"
EndProject
Project("{FAE04EC0-301F-11D3-BF4B-00C04F79EFBC}") = "BootstrapBlazor.UniverIcon", "src\components\BootstrapBlazor.UniverIcon\BootstrapBlazor.UniverIcon.csproj", "{A657E04C-1495-439E-BC2E-1EEAB2D1B4DA}"
EndProject
Project("{FAE04EC0-301F-11D3-BF4B-00C04F79EFBC}") = "BootstrapBlazor.ChatBot", "src\components\BootstrapBlazor.ChatBot\BootstrapBlazor.ChatBot.csproj", "{2F37FBF4-5C1C-4493-B614-0E8361432621}"
EndProject
Project("{FAE04EC0-301F-11D3-BF4B-00C04F79EFBC}") = "BootstrapBlazor.Authenticator", "src\components\BootstrapBlazor.Authenticator\BootstrapBlazor.Authenticator.csproj", "{1FDDF0AD-7AB6-4706-A183-26C680817BB4}"
EndProject
Project("{FAE04EC0-301F-11D3-BF4B-00C04F79EFBC}") = "BootstrapBlazor.Graph", "src\components\BootstrapBlazor.Graph\BootstrapBlazor.Graph.csproj", "{CED55D86-57CF-CB0D-E880-370C44C0DB1F}"
EndProject
Project("{FAE04EC0-301F-11D3-BF4B-00C04F79EFBC}") = "BootstrapBlazor.Html2Pdf.Playwright", "src\components\BootstrapBlazor.Html2Pdf.Playwright\BootstrapBlazor.Html2Pdf.Playwright.csproj", "{F3043A78-1942-4524-BDC4-7E88F56DF3D5}"
EndProject
Project("{FAE04EC0-301F-11D3-BF4B-00C04F79EFBC}") = "BootstrapBlazor.JitsiMeet", "src\components\BootstrapBlazor.JitsiMeet\BootstrapBlazor.JitsiMeet.csproj", "{08458CA3-BF81-48E8-870D-9389DC037808}"
EndProject
Project("{FAE04EC0-301F-11D3-BF4B-00C04F79EFBC}") = "BootstrapBlazor.PdfViewer", "src\components\BootstrapBlazor.PdfViewer\BootstrapBlazor.PdfViewer.csproj", "{4757B038-70E4-40B0-9B73-700EE5632B07}"
EndProject
Project("{FAE04EC0-301F-11D3-BF4B-00C04F79EFBC}") = "BootstrapBlazor.Vditor", "src\components\BootstrapBlazor.Vditor\BootstrapBlazor.Vditor.csproj", "{D417E1B9-D146-4983-81D0-79F3193B322B}"
EndProject
Project("{FAE04EC0-301F-11D3-BF4B-00C04F79EFBC}") = "BootstrapBlazor.TouchSocket", "src\extensions\BootstrapBlazor.TouchSocket\BootstrapBlazor.TouchSocket.csproj", "{FD23CEA1-78EB-85D7-8EDF-047657355B52}"
EndProject
Global
	GlobalSection(SolutionConfigurationPlatforms) = preSolution
		Debug|Any CPU = Debug|Any CPU
		Release|Any CPU = Release|Any CPU
	EndGlobalSection
	GlobalSection(ProjectConfigurationPlatforms) = postSolution
		{22C6D47A-F770-4813-B363-F2C90455E870}.Debug|Any CPU.ActiveCfg = Debug|Any CPU
		{22C6D47A-F770-4813-B363-F2C90455E870}.Debug|Any CPU.Build.0 = Debug|Any CPU
		{22C6D47A-F770-4813-B363-F2C90455E870}.Release|Any CPU.ActiveCfg = Release|Any CPU
		{22C6D47A-F770-4813-B363-F2C90455E870}.Release|Any CPU.Build.0 = Release|Any CPU
		{0E6F09A3-61C4-4945-9DC8-5E00CE547DBD}.Debug|Any CPU.ActiveCfg = Debug|Any CPU
		{0E6F09A3-61C4-4945-9DC8-5E00CE547DBD}.Debug|Any CPU.Build.0 = Debug|Any CPU
		{0E6F09A3-61C4-4945-9DC8-5E00CE547DBD}.Release|Any CPU.ActiveCfg = Release|Any CPU
		{0E6F09A3-61C4-4945-9DC8-5E00CE547DBD}.Release|Any CPU.Build.0 = Release|Any CPU
		{203B9DE4-201C-4223-AD0E-4823777AB9A7}.Debug|Any CPU.ActiveCfg = Debug|Any CPU
		{203B9DE4-201C-4223-AD0E-4823777AB9A7}.Debug|Any CPU.Build.0 = Debug|Any CPU
		{203B9DE4-201C-4223-AD0E-4823777AB9A7}.Release|Any CPU.ActiveCfg = Release|Any CPU
		{203B9DE4-201C-4223-AD0E-4823777AB9A7}.Release|Any CPU.Build.0 = Release|Any CPU
		{3EBD90E6-5237-4BB0-9C14-CC1FC5956A1B}.Debug|Any CPU.ActiveCfg = Debug|Any CPU
		{3EBD90E6-5237-4BB0-9C14-CC1FC5956A1B}.Debug|Any CPU.Build.0 = Debug|Any CPU
		{3EBD90E6-5237-4BB0-9C14-CC1FC5956A1B}.Release|Any CPU.ActiveCfg = Release|Any CPU
		{3EBD90E6-5237-4BB0-9C14-CC1FC5956A1B}.Release|Any CPU.Build.0 = Release|Any CPU
		{079E4289-E2C6-47A9-98C2-9193F8A5D415}.Debug|Any CPU.ActiveCfg = Debug|Any CPU
		{079E4289-E2C6-47A9-98C2-9193F8A5D415}.Debug|Any CPU.Build.0 = Debug|Any CPU
		{079E4289-E2C6-47A9-98C2-9193F8A5D415}.Release|Any CPU.ActiveCfg = Release|Any CPU
		{079E4289-E2C6-47A9-98C2-9193F8A5D415}.Release|Any CPU.Build.0 = Release|Any CPU
		{BF6F0A50-93DA-4F40-9936-933FEBF3B5CA}.Debug|Any CPU.ActiveCfg = Debug|Any CPU
		{BF6F0A50-93DA-4F40-9936-933FEBF3B5CA}.Debug|Any CPU.Build.0 = Debug|Any CPU
		{BF6F0A50-93DA-4F40-9936-933FEBF3B5CA}.Release|Any CPU.ActiveCfg = Release|Any CPU
		{BF6F0A50-93DA-4F40-9936-933FEBF3B5CA}.Release|Any CPU.Build.0 = Release|Any CPU
		{A6FE7E0D-04EB-4E74-9C28-0B0920BEF7D4}.Debug|Any CPU.ActiveCfg = Debug|Any CPU
		{A6FE7E0D-04EB-4E74-9C28-0B0920BEF7D4}.Debug|Any CPU.Build.0 = Debug|Any CPU
		{A6FE7E0D-04EB-4E74-9C28-0B0920BEF7D4}.Release|Any CPU.ActiveCfg = Release|Any CPU
		{A6FE7E0D-04EB-4E74-9C28-0B0920BEF7D4}.Release|Any CPU.Build.0 = Release|Any CPU
		{72D0DB26-0437-499F-ACD6-4F90EA8513ED}.Debug|Any CPU.ActiveCfg = Debug|Any CPU
		{72D0DB26-0437-499F-ACD6-4F90EA8513ED}.Debug|Any CPU.Build.0 = Debug|Any CPU
		{72D0DB26-0437-499F-ACD6-4F90EA8513ED}.Release|Any CPU.ActiveCfg = Release|Any CPU
		{72D0DB26-0437-499F-ACD6-4F90EA8513ED}.Release|Any CPU.Build.0 = Release|Any CPU
		{F979AFA9-E3CF-43DF-A7EA-3C63213D3C72}.Debug|Any CPU.ActiveCfg = Debug|Any CPU
		{F979AFA9-E3CF-43DF-A7EA-3C63213D3C72}.Debug|Any CPU.Build.0 = Debug|Any CPU
		{F979AFA9-E3CF-43DF-A7EA-3C63213D3C72}.Release|Any CPU.ActiveCfg = Release|Any CPU
		{F979AFA9-E3CF-43DF-A7EA-3C63213D3C72}.Release|Any CPU.Build.0 = Release|Any CPU
		{C1BD1FA6-BFD5-42E3-ADB5-4D4BA51653BA}.Debug|Any CPU.ActiveCfg = Debug|Any CPU
		{C1BD1FA6-BFD5-42E3-ADB5-4D4BA51653BA}.Debug|Any CPU.Build.0 = Debug|Any CPU
		{C1BD1FA6-BFD5-42E3-ADB5-4D4BA51653BA}.Release|Any CPU.ActiveCfg = Release|Any CPU
		{C1BD1FA6-BFD5-42E3-ADB5-4D4BA51653BA}.Release|Any CPU.Build.0 = Release|Any CPU
		{21A163D4-DC81-4B87-BA1B-9B5F48D66587}.Debug|Any CPU.ActiveCfg = Debug|Any CPU
		{21A163D4-DC81-4B87-BA1B-9B5F48D66587}.Debug|Any CPU.Build.0 = Debug|Any CPU
		{21A163D4-DC81-4B87-BA1B-9B5F48D66587}.Release|Any CPU.ActiveCfg = Release|Any CPU
		{21A163D4-DC81-4B87-BA1B-9B5F48D66587}.Release|Any CPU.Build.0 = Release|Any CPU
		{4E88785F-AD6A-4B57-BEC1-89F63A51BB63}.Debug|Any CPU.ActiveCfg = Debug|Any CPU
		{4E88785F-AD6A-4B57-BEC1-89F63A51BB63}.Debug|Any CPU.Build.0 = Debug|Any CPU
		{4E88785F-AD6A-4B57-BEC1-89F63A51BB63}.Release|Any CPU.ActiveCfg = Release|Any CPU
		{4E88785F-AD6A-4B57-BEC1-89F63A51BB63}.Release|Any CPU.Build.0 = Release|Any CPU
		{D84EF7E9-2A5E-4EA8-BC2B-54289276A16D}.Debug|Any CPU.ActiveCfg = Debug|Any CPU
		{D84EF7E9-2A5E-4EA8-BC2B-54289276A16D}.Debug|Any CPU.Build.0 = Debug|Any CPU
		{D84EF7E9-2A5E-4EA8-BC2B-54289276A16D}.Release|Any CPU.ActiveCfg = Release|Any CPU
		{D84EF7E9-2A5E-4EA8-BC2B-54289276A16D}.Release|Any CPU.Build.0 = Release|Any CPU
		{CC30AFF5-305E-43C8-B230-1A82AE3041F2}.Debug|Any CPU.ActiveCfg = Debug|Any CPU
		{CC30AFF5-305E-43C8-B230-1A82AE3041F2}.Debug|Any CPU.Build.0 = Debug|Any CPU
		{CC30AFF5-305E-43C8-B230-1A82AE3041F2}.Release|Any CPU.ActiveCfg = Release|Any CPU
		{CC30AFF5-305E-43C8-B230-1A82AE3041F2}.Release|Any CPU.Build.0 = Release|Any CPU
		{CE85D4DD-6F4A-49AF-B575-2429FC545E7B}.Debug|Any CPU.ActiveCfg = Debug|Any CPU
		{CE85D4DD-6F4A-49AF-B575-2429FC545E7B}.Debug|Any CPU.Build.0 = Debug|Any CPU
		{CE85D4DD-6F4A-49AF-B575-2429FC545E7B}.Release|Any CPU.ActiveCfg = Release|Any CPU
		{CE85D4DD-6F4A-49AF-B575-2429FC545E7B}.Release|Any CPU.Build.0 = Release|Any CPU
		{98BF777B-3AC1-4169-8633-F69D9A6EB275}.Debug|Any CPU.ActiveCfg = Debug|Any CPU
		{98BF777B-3AC1-4169-8633-F69D9A6EB275}.Debug|Any CPU.Build.0 = Debug|Any CPU
		{98BF777B-3AC1-4169-8633-F69D9A6EB275}.Release|Any CPU.ActiveCfg = Release|Any CPU
		{98BF777B-3AC1-4169-8633-F69D9A6EB275}.Release|Any CPU.Build.0 = Release|Any CPU
		{AB6EE78F-B778-42BA-91AB-234AC4F60C16}.Debug|Any CPU.ActiveCfg = Debug|Any CPU
		{AB6EE78F-B778-42BA-91AB-234AC4F60C16}.Debug|Any CPU.Build.0 = Debug|Any CPU
		{AB6EE78F-B778-42BA-91AB-234AC4F60C16}.Release|Any CPU.ActiveCfg = Release|Any CPU
		{AB6EE78F-B778-42BA-91AB-234AC4F60C16}.Release|Any CPU.Build.0 = Release|Any CPU
		{7FFCC03C-147B-4257-A035-2A31A807F173}.Debug|Any CPU.ActiveCfg = Debug|Any CPU
		{7FFCC03C-147B-4257-A035-2A31A807F173}.Debug|Any CPU.Build.0 = Debug|Any CPU
		{7FFCC03C-147B-4257-A035-2A31A807F173}.Release|Any CPU.ActiveCfg = Release|Any CPU
		{7FFCC03C-147B-4257-A035-2A31A807F173}.Release|Any CPU.Build.0 = Release|Any CPU
		{C546E031-1A92-409F-8E9C-4FD9A15FC042}.Debug|Any CPU.ActiveCfg = Debug|Any CPU
		{C546E031-1A92-409F-8E9C-4FD9A15FC042}.Debug|Any CPU.Build.0 = Debug|Any CPU
		{C546E031-1A92-409F-8E9C-4FD9A15FC042}.Release|Any CPU.ActiveCfg = Release|Any CPU
		{C546E031-1A92-409F-8E9C-4FD9A15FC042}.Release|Any CPU.Build.0 = Release|Any CPU
		{26DEC31C-40C2-4F3B-9A9D-2BEA313AA59C}.Debug|Any CPU.ActiveCfg = Debug|Any CPU
		{26DEC31C-40C2-4F3B-9A9D-2BEA313AA59C}.Debug|Any CPU.Build.0 = Debug|Any CPU
		{26DEC31C-40C2-4F3B-9A9D-2BEA313AA59C}.Release|Any CPU.ActiveCfg = Release|Any CPU
		{26DEC31C-40C2-4F3B-9A9D-2BEA313AA59C}.Release|Any CPU.Build.0 = Release|Any CPU
		{65181D1B-AD7C-4223-B230-6AB95EC1DA19}.Debug|Any CPU.ActiveCfg = Debug|Any CPU
		{65181D1B-AD7C-4223-B230-6AB95EC1DA19}.Debug|Any CPU.Build.0 = Debug|Any CPU
		{65181D1B-AD7C-4223-B230-6AB95EC1DA19}.Release|Any CPU.ActiveCfg = Release|Any CPU
		{65181D1B-AD7C-4223-B230-6AB95EC1DA19}.Release|Any CPU.Build.0 = Release|Any CPU
		{FBC02566-6622-43DC-B105-A0C95E9D94EB}.Debug|Any CPU.ActiveCfg = Debug|Any CPU
		{FBC02566-6622-43DC-B105-A0C95E9D94EB}.Debug|Any CPU.Build.0 = Debug|Any CPU
		{FBC02566-6622-43DC-B105-A0C95E9D94EB}.Release|Any CPU.ActiveCfg = Release|Any CPU
		{FBC02566-6622-43DC-B105-A0C95E9D94EB}.Release|Any CPU.Build.0 = Release|Any CPU
		{14EBAC86-E192-4BFA-80C1-91F91BDDE6A4}.Debug|Any CPU.ActiveCfg = Debug|Any CPU
		{14EBAC86-E192-4BFA-80C1-91F91BDDE6A4}.Debug|Any CPU.Build.0 = Debug|Any CPU
		{14EBAC86-E192-4BFA-80C1-91F91BDDE6A4}.Release|Any CPU.ActiveCfg = Release|Any CPU
		{14EBAC86-E192-4BFA-80C1-91F91BDDE6A4}.Release|Any CPU.Build.0 = Release|Any CPU
		{A5F1444E-D86F-4740-BADD-EF042193FD92}.Debug|Any CPU.ActiveCfg = Debug|Any CPU
		{A5F1444E-D86F-4740-BADD-EF042193FD92}.Debug|Any CPU.Build.0 = Debug|Any CPU
		{A5F1444E-D86F-4740-BADD-EF042193FD92}.Release|Any CPU.ActiveCfg = Release|Any CPU
		{A5F1444E-D86F-4740-BADD-EF042193FD92}.Release|Any CPU.Build.0 = Release|Any CPU
		{C78E90E8-47EC-4A1E-A108-D0CD018CE417}.Debug|Any CPU.ActiveCfg = Debug|Any CPU
		{C78E90E8-47EC-4A1E-A108-D0CD018CE417}.Debug|Any CPU.Build.0 = Debug|Any CPU
		{C78E90E8-47EC-4A1E-A108-D0CD018CE417}.Release|Any CPU.ActiveCfg = Release|Any CPU
		{C78E90E8-47EC-4A1E-A108-D0CD018CE417}.Release|Any CPU.Build.0 = Release|Any CPU
		{9881C559-4DD1-48A7-B02C-5516FE06B513}.Debug|Any CPU.ActiveCfg = Debug|Any CPU
		{9881C559-4DD1-48A7-B02C-5516FE06B513}.Debug|Any CPU.Build.0 = Debug|Any CPU
		{9881C559-4DD1-48A7-B02C-5516FE06B513}.Release|Any CPU.ActiveCfg = Release|Any CPU
		{9881C559-4DD1-48A7-B02C-5516FE06B513}.Release|Any CPU.Build.0 = Release|Any CPU
		{A9D480F3-7D56-4E82-A71A-3378DE18A2D2}.Debug|Any CPU.ActiveCfg = Debug|Any CPU
		{A9D480F3-7D56-4E82-A71A-3378DE18A2D2}.Debug|Any CPU.Build.0 = Debug|Any CPU
		{A9D480F3-7D56-4E82-A71A-3378DE18A2D2}.Release|Any CPU.ActiveCfg = Release|Any CPU
		{A9D480F3-7D56-4E82-A71A-3378DE18A2D2}.Release|Any CPU.Build.0 = Release|Any CPU
		{A6B947E9-450C-45D7-BDC0-AE3C12D3FBA3}.Debug|Any CPU.ActiveCfg = Debug|Any CPU
		{A6B947E9-450C-45D7-BDC0-AE3C12D3FBA3}.Debug|Any CPU.Build.0 = Debug|Any CPU
		{A6B947E9-450C-45D7-BDC0-AE3C12D3FBA3}.Release|Any CPU.ActiveCfg = Release|Any CPU
		{A6B947E9-450C-45D7-BDC0-AE3C12D3FBA3}.Release|Any CPU.Build.0 = Release|Any CPU
		{80A0135B-6F5B-4CB0-90F5-0060D241136A}.Debug|Any CPU.ActiveCfg = Debug|Any CPU
		{80A0135B-6F5B-4CB0-90F5-0060D241136A}.Debug|Any CPU.Build.0 = Debug|Any CPU
		{80A0135B-6F5B-4CB0-90F5-0060D241136A}.Release|Any CPU.ActiveCfg = Release|Any CPU
		{80A0135B-6F5B-4CB0-90F5-0060D241136A}.Release|Any CPU.Build.0 = Release|Any CPU
		{A2163EE1-9F38-425A-97B1-C4CDAD6E6DAD}.Debug|Any CPU.ActiveCfg = Debug|Any CPU
		{A2163EE1-9F38-425A-97B1-C4CDAD6E6DAD}.Debug|Any CPU.Build.0 = Debug|Any CPU
		{A2163EE1-9F38-425A-97B1-C4CDAD6E6DAD}.Release|Any CPU.ActiveCfg = Release|Any CPU
		{A2163EE1-9F38-425A-97B1-C4CDAD6E6DAD}.Release|Any CPU.Build.0 = Release|Any CPU
		{B0D2BBC7-D1BB-4F7C-ADE0-59BEBF3BB5D0}.Debug|Any CPU.ActiveCfg = Debug|Any CPU
		{B0D2BBC7-D1BB-4F7C-ADE0-59BEBF3BB5D0}.Debug|Any CPU.Build.0 = Debug|Any CPU
		{B0D2BBC7-D1BB-4F7C-ADE0-59BEBF3BB5D0}.Release|Any CPU.ActiveCfg = Release|Any CPU
		{B0D2BBC7-D1BB-4F7C-ADE0-59BEBF3BB5D0}.Release|Any CPU.Build.0 = Release|Any CPU
		{4B71D8F7-CF9C-44CE-B371-45FBFEE0FB6E}.Debug|Any CPU.ActiveCfg = Debug|Any CPU
		{4B71D8F7-CF9C-44CE-B371-45FBFEE0FB6E}.Debug|Any CPU.Build.0 = Debug|Any CPU
		{4B71D8F7-CF9C-44CE-B371-45FBFEE0FB6E}.Release|Any CPU.ActiveCfg = Release|Any CPU
		{4B71D8F7-CF9C-44CE-B371-45FBFEE0FB6E}.Release|Any CPU.Build.0 = Release|Any CPU
		{F538D58D-58B1-4BA2-A933-E91AC168F568}.Debug|Any CPU.ActiveCfg = Debug|Any CPU
		{F538D58D-58B1-4BA2-A933-E91AC168F568}.Debug|Any CPU.Build.0 = Debug|Any CPU
		{F538D58D-58B1-4BA2-A933-E91AC168F568}.Release|Any CPU.ActiveCfg = Release|Any CPU
		{F538D58D-58B1-4BA2-A933-E91AC168F568}.Release|Any CPU.Build.0 = Release|Any CPU
		{BB03EAB9-9B5F-49E2-87CC-E61A06AF2DE7}.Debug|Any CPU.ActiveCfg = Debug|Any CPU
		{BB03EAB9-9B5F-49E2-87CC-E61A06AF2DE7}.Debug|Any CPU.Build.0 = Debug|Any CPU
		{BB03EAB9-9B5F-49E2-87CC-E61A06AF2DE7}.Release|Any CPU.ActiveCfg = Release|Any CPU
		{BB03EAB9-9B5F-49E2-87CC-E61A06AF2DE7}.Release|Any CPU.Build.0 = Release|Any CPU
		{309D35E1-8B17-4488-93BC-D6B301B1F853}.Debug|Any CPU.ActiveCfg = Debug|Any CPU
		{309D35E1-8B17-4488-93BC-D6B301B1F853}.Debug|Any CPU.Build.0 = Debug|Any CPU
		{309D35E1-8B17-4488-93BC-D6B301B1F853}.Release|Any CPU.ActiveCfg = Release|Any CPU
		{309D35E1-8B17-4488-93BC-D6B301B1F853}.Release|Any CPU.Build.0 = Release|Any CPU
		{CC7C4278-BC2E-49D0-BE18-BF8D28EFE6E7}.Debug|Any CPU.ActiveCfg = Debug|Any CPU
		{CC7C4278-BC2E-49D0-BE18-BF8D28EFE6E7}.Debug|Any CPU.Build.0 = Debug|Any CPU
		{CC7C4278-BC2E-49D0-BE18-BF8D28EFE6E7}.Release|Any CPU.ActiveCfg = Release|Any CPU
		{CC7C4278-BC2E-49D0-BE18-BF8D28EFE6E7}.Release|Any CPU.Build.0 = Release|Any CPU
		{BB7FBAC6-0F98-4443-B3A0-B7D0F4164D20}.Debug|Any CPU.ActiveCfg = Debug|Any CPU
		{BB7FBAC6-0F98-4443-B3A0-B7D0F4164D20}.Debug|Any CPU.Build.0 = Debug|Any CPU
		{BB7FBAC6-0F98-4443-B3A0-B7D0F4164D20}.Release|Any CPU.ActiveCfg = Release|Any CPU
		{BB7FBAC6-0F98-4443-B3A0-B7D0F4164D20}.Release|Any CPU.Build.0 = Release|Any CPU
		{162A2C8E-767C-41A7-9020-729E79C4F1F9}.Debug|Any CPU.ActiveCfg = Debug|Any CPU
		{162A2C8E-767C-41A7-9020-729E79C4F1F9}.Debug|Any CPU.Build.0 = Debug|Any CPU
		{162A2C8E-767C-41A7-9020-729E79C4F1F9}.Release|Any CPU.ActiveCfg = Release|Any CPU
		{162A2C8E-767C-41A7-9020-729E79C4F1F9}.Release|Any CPU.Build.0 = Release|Any CPU
		{E386EBD8-0028-42B7-8473-F26014C0E326}.Debug|Any CPU.ActiveCfg = Debug|Any CPU
		{E386EBD8-0028-42B7-8473-F26014C0E326}.Debug|Any CPU.Build.0 = Debug|Any CPU
		{E386EBD8-0028-42B7-8473-F26014C0E326}.Release|Any CPU.ActiveCfg = Release|Any CPU
		{E386EBD8-0028-42B7-8473-F26014C0E326}.Release|Any CPU.Build.0 = Release|Any CPU
		{8B374E31-BBC3-4765-82C7-E124C4E1E731}.Debug|Any CPU.ActiveCfg = Debug|Any CPU
		{8B374E31-BBC3-4765-82C7-E124C4E1E731}.Debug|Any CPU.Build.0 = Debug|Any CPU
		{8B374E31-BBC3-4765-82C7-E124C4E1E731}.Release|Any CPU.ActiveCfg = Release|Any CPU
		{8B374E31-BBC3-4765-82C7-E124C4E1E731}.Release|Any CPU.Build.0 = Release|Any CPU
		{496554A7-52B0-4E01-9CF3-08F0A2B2FCD8}.Debug|Any CPU.ActiveCfg = Debug|Any CPU
		{496554A7-52B0-4E01-9CF3-08F0A2B2FCD8}.Debug|Any CPU.Build.0 = Debug|Any CPU
		{496554A7-52B0-4E01-9CF3-08F0A2B2FCD8}.Release|Any CPU.ActiveCfg = Release|Any CPU
		{496554A7-52B0-4E01-9CF3-08F0A2B2FCD8}.Release|Any CPU.Build.0 = Release|Any CPU
		{7C875492-41A2-401D-90B1-161BCD5103DC}.Debug|Any CPU.ActiveCfg = Debug|Any CPU
		{7C875492-41A2-401D-90B1-161BCD5103DC}.Debug|Any CPU.Build.0 = Debug|Any CPU
		{7C875492-41A2-401D-90B1-161BCD5103DC}.Release|Any CPU.ActiveCfg = Release|Any CPU
		{7C875492-41A2-401D-90B1-161BCD5103DC}.Release|Any CPU.Build.0 = Release|Any CPU
		{126D5C86-2C33-4E79-A762-DBEA6E7A779E}.Debug|Any CPU.ActiveCfg = Debug|Any CPU
		{126D5C86-2C33-4E79-A762-DBEA6E7A779E}.Debug|Any CPU.Build.0 = Debug|Any CPU
		{126D5C86-2C33-4E79-A762-DBEA6E7A779E}.Release|Any CPU.ActiveCfg = Release|Any CPU
		{126D5C86-2C33-4E79-A762-DBEA6E7A779E}.Release|Any CPU.Build.0 = Release|Any CPU
		{FE0E98BE-0C24-4C41-BFF6-E031630F5AA7}.Debug|Any CPU.ActiveCfg = Debug|Any CPU
		{FE0E98BE-0C24-4C41-BFF6-E031630F5AA7}.Debug|Any CPU.Build.0 = Debug|Any CPU
		{FE0E98BE-0C24-4C41-BFF6-E031630F5AA7}.Release|Any CPU.ActiveCfg = Release|Any CPU
		{FE0E98BE-0C24-4C41-BFF6-E031630F5AA7}.Release|Any CPU.Build.0 = Release|Any CPU
		{7DD55FF1-54BF-4B4C-9B74-603C79D9EC07}.Debug|Any CPU.ActiveCfg = Debug|Any CPU
		{7DD55FF1-54BF-4B4C-9B74-603C79D9EC07}.Debug|Any CPU.Build.0 = Debug|Any CPU
		{7DD55FF1-54BF-4B4C-9B74-603C79D9EC07}.Release|Any CPU.ActiveCfg = Release|Any CPU
		{7DD55FF1-54BF-4B4C-9B74-603C79D9EC07}.Release|Any CPU.Build.0 = Release|Any CPU
		{2D0F834A-522F-4CF3-A6BB-BC2585D8505E}.Debug|Any CPU.ActiveCfg = Debug|Any CPU
		{2D0F834A-522F-4CF3-A6BB-BC2585D8505E}.Debug|Any CPU.Build.0 = Debug|Any CPU
		{2D0F834A-522F-4CF3-A6BB-BC2585D8505E}.Release|Any CPU.ActiveCfg = Release|Any CPU
		{2D0F834A-522F-4CF3-A6BB-BC2585D8505E}.Release|Any CPU.Build.0 = Release|Any CPU
		{9F61C73D-EFF4-4226-ADEF-4B32F03AA371}.Debug|Any CPU.ActiveCfg = Debug|Any CPU
		{9F61C73D-EFF4-4226-ADEF-4B32F03AA371}.Debug|Any CPU.Build.0 = Debug|Any CPU
		{9F61C73D-EFF4-4226-ADEF-4B32F03AA371}.Release|Any CPU.ActiveCfg = Release|Any CPU
		{9F61C73D-EFF4-4226-ADEF-4B32F03AA371}.Release|Any CPU.Build.0 = Release|Any CPU
		{4D0A145A-029E-4DD9-841F-302E8B2AB143}.Debug|Any CPU.ActiveCfg = Debug|Any CPU
		{4D0A145A-029E-4DD9-841F-302E8B2AB143}.Debug|Any CPU.Build.0 = Debug|Any CPU
		{4D0A145A-029E-4DD9-841F-302E8B2AB143}.Release|Any CPU.ActiveCfg = Release|Any CPU
		{4D0A145A-029E-4DD9-841F-302E8B2AB143}.Release|Any CPU.Build.0 = Release|Any CPU
		{150033CC-28E8-47B2-9704-F6203964B5F1}.Debug|Any CPU.ActiveCfg = Debug|Any CPU
		{150033CC-28E8-47B2-9704-F6203964B5F1}.Debug|Any CPU.Build.0 = Debug|Any CPU
		{150033CC-28E8-47B2-9704-F6203964B5F1}.Release|Any CPU.ActiveCfg = Release|Any CPU
		{150033CC-28E8-47B2-9704-F6203964B5F1}.Release|Any CPU.Build.0 = Release|Any CPU
		{AC89886C-4216-4D20-B8DD-CFEAFC6AB2C8}.Debug|Any CPU.ActiveCfg = Debug|Any CPU
		{AC89886C-4216-4D20-B8DD-CFEAFC6AB2C8}.Debug|Any CPU.Build.0 = Debug|Any CPU
		{AC89886C-4216-4D20-B8DD-CFEAFC6AB2C8}.Release|Any CPU.ActiveCfg = Release|Any CPU
		{AC89886C-4216-4D20-B8DD-CFEAFC6AB2C8}.Release|Any CPU.Build.0 = Release|Any CPU
		{45F1D4EB-AFB6-484B-90D3-DB684B76E693}.Debug|Any CPU.ActiveCfg = Debug|Any CPU
		{45F1D4EB-AFB6-484B-90D3-DB684B76E693}.Debug|Any CPU.Build.0 = Debug|Any CPU
		{45F1D4EB-AFB6-484B-90D3-DB684B76E693}.Release|Any CPU.ActiveCfg = Release|Any CPU
		{45F1D4EB-AFB6-484B-90D3-DB684B76E693}.Release|Any CPU.Build.0 = Release|Any CPU
		{2D702BA7-AB23-46BD-9F54-7F7E28322790}.Debug|Any CPU.ActiveCfg = Debug|Any CPU
		{2D702BA7-AB23-46BD-9F54-7F7E28322790}.Debug|Any CPU.Build.0 = Debug|Any CPU
		{2D702BA7-AB23-46BD-9F54-7F7E28322790}.Release|Any CPU.ActiveCfg = Release|Any CPU
		{2D702BA7-AB23-46BD-9F54-7F7E28322790}.Release|Any CPU.Build.0 = Release|Any CPU
		{A8113292-7E73-417A-8E23-9F69F5577816}.Debug|Any CPU.ActiveCfg = Debug|Any CPU
		{A8113292-7E73-417A-8E23-9F69F5577816}.Debug|Any CPU.Build.0 = Debug|Any CPU
		{A8113292-7E73-417A-8E23-9F69F5577816}.Release|Any CPU.ActiveCfg = Release|Any CPU
		{A8113292-7E73-417A-8E23-9F69F5577816}.Release|Any CPU.Build.0 = Release|Any CPU
		{2662E3C2-F511-4DE0-AA72-FE453031993F}.Debug|Any CPU.ActiveCfg = Debug|Any CPU
		{2662E3C2-F511-4DE0-AA72-FE453031993F}.Debug|Any CPU.Build.0 = Debug|Any CPU
		{2662E3C2-F511-4DE0-AA72-FE453031993F}.Release|Any CPU.ActiveCfg = Release|Any CPU
		{2662E3C2-F511-4DE0-AA72-FE453031993F}.Release|Any CPU.Build.0 = Release|Any CPU
		{9BFFB509-9B57-4FE7-B2A1-4D6AFEEE0067}.Debug|Any CPU.ActiveCfg = Debug|Any CPU
		{9BFFB509-9B57-4FE7-B2A1-4D6AFEEE0067}.Debug|Any CPU.Build.0 = Debug|Any CPU
		{9BFFB509-9B57-4FE7-B2A1-4D6AFEEE0067}.Release|Any CPU.ActiveCfg = Release|Any CPU
		{9BFFB509-9B57-4FE7-B2A1-4D6AFEEE0067}.Release|Any CPU.Build.0 = Release|Any CPU
		{2E338270-C302-4E13-A681-7F80E1BEE158}.Debug|Any CPU.ActiveCfg = Debug|Any CPU
		{2E338270-C302-4E13-A681-7F80E1BEE158}.Debug|Any CPU.Build.0 = Debug|Any CPU
		{2E338270-C302-4E13-A681-7F80E1BEE158}.Release|Any CPU.ActiveCfg = Release|Any CPU
		{2E338270-C302-4E13-A681-7F80E1BEE158}.Release|Any CPU.Build.0 = Release|Any CPU
		{750E2849-EA95-4849-A7E7-09920E30765D}.Debug|Any CPU.ActiveCfg = Debug|Any CPU
		{750E2849-EA95-4849-A7E7-09920E30765D}.Debug|Any CPU.Build.0 = Debug|Any CPU
		{750E2849-EA95-4849-A7E7-09920E30765D}.Release|Any CPU.ActiveCfg = Release|Any CPU
		{750E2849-EA95-4849-A7E7-09920E30765D}.Release|Any CPU.Build.0 = Release|Any CPU
		{37979C83-5E5F-4525-85D7-DA20B27F831F}.Debug|Any CPU.ActiveCfg = Debug|Any CPU
		{37979C83-5E5F-4525-85D7-DA20B27F831F}.Debug|Any CPU.Build.0 = Debug|Any CPU
		{37979C83-5E5F-4525-85D7-DA20B27F831F}.Release|Any CPU.ActiveCfg = Release|Any CPU
		{37979C83-5E5F-4525-85D7-DA20B27F831F}.Release|Any CPU.Build.0 = Release|Any CPU
		{22594AD2-3E36-4984-949C-8B578B402EDE}.Debug|Any CPU.ActiveCfg = Debug|Any CPU
		{22594AD2-3E36-4984-949C-8B578B402EDE}.Debug|Any CPU.Build.0 = Debug|Any CPU
		{22594AD2-3E36-4984-949C-8B578B402EDE}.Release|Any CPU.ActiveCfg = Release|Any CPU
		{22594AD2-3E36-4984-949C-8B578B402EDE}.Release|Any CPU.Build.0 = Release|Any CPU
		{2D783293-CEBD-4365-B8A1-0F9E76D73295}.Debug|Any CPU.ActiveCfg = Debug|Any CPU
		{2D783293-CEBD-4365-B8A1-0F9E76D73295}.Debug|Any CPU.Build.0 = Debug|Any CPU
		{2D783293-CEBD-4365-B8A1-0F9E76D73295}.Release|Any CPU.ActiveCfg = Release|Any CPU
		{2D783293-CEBD-4365-B8A1-0F9E76D73295}.Release|Any CPU.Build.0 = Release|Any CPU
		{76ACED46-6DA0-44C7-B5F5-05A6BB4CDB1E}.Debug|Any CPU.ActiveCfg = Debug|Any CPU
		{76ACED46-6DA0-44C7-B5F5-05A6BB4CDB1E}.Debug|Any CPU.Build.0 = Debug|Any CPU
		{76ACED46-6DA0-44C7-B5F5-05A6BB4CDB1E}.Release|Any CPU.ActiveCfg = Release|Any CPU
		{76ACED46-6DA0-44C7-B5F5-05A6BB4CDB1E}.Release|Any CPU.Build.0 = Release|Any CPU
		{11FD9DF2-3F3F-4AF1-8C85-446190F7D887}.Debug|Any CPU.ActiveCfg = Debug|Any CPU
		{11FD9DF2-3F3F-4AF1-8C85-446190F7D887}.Debug|Any CPU.Build.0 = Debug|Any CPU
		{11FD9DF2-3F3F-4AF1-8C85-446190F7D887}.Release|Any CPU.ActiveCfg = Release|Any CPU
		{11FD9DF2-3F3F-4AF1-8C85-446190F7D887}.Release|Any CPU.Build.0 = Release|Any CPU
		{29E47F4A-CE03-42B5-BDAA-FB4B40D4C897}.Debug|Any CPU.ActiveCfg = Debug|Any CPU
		{29E47F4A-CE03-42B5-BDAA-FB4B40D4C897}.Debug|Any CPU.Build.0 = Debug|Any CPU
		{29E47F4A-CE03-42B5-BDAA-FB4B40D4C897}.Release|Any CPU.ActiveCfg = Release|Any CPU
		{29E47F4A-CE03-42B5-BDAA-FB4B40D4C897}.Release|Any CPU.Build.0 = Release|Any CPU
		{DA2198E1-2CA9-EE53-926B-7950AB4B5EBF}.Debug|Any CPU.ActiveCfg = Debug|Any CPU
		{DA2198E1-2CA9-EE53-926B-7950AB4B5EBF}.Debug|Any CPU.Build.0 = Debug|Any CPU
		{DA2198E1-2CA9-EE53-926B-7950AB4B5EBF}.Release|Any CPU.ActiveCfg = Release|Any CPU
		{DA2198E1-2CA9-EE53-926B-7950AB4B5EBF}.Release|Any CPU.Build.0 = Release|Any CPU
		{4B086A62-5F5A-47BC-921F-35803F26DD68}.Debug|Any CPU.ActiveCfg = Debug|Any CPU
		{4B086A62-5F5A-47BC-921F-35803F26DD68}.Debug|Any CPU.Build.0 = Debug|Any CPU
		{4B086A62-5F5A-47BC-921F-35803F26DD68}.Release|Any CPU.ActiveCfg = Release|Any CPU
		{4B086A62-5F5A-47BC-921F-35803F26DD68}.Release|Any CPU.Build.0 = Release|Any CPU
		{F965576B-A801-4473-85FE-E100125FDEF5}.Debug|Any CPU.ActiveCfg = Debug|Any CPU
		{F965576B-A801-4473-85FE-E100125FDEF5}.Debug|Any CPU.Build.0 = Debug|Any CPU
		{F965576B-A801-4473-85FE-E100125FDEF5}.Release|Any CPU.ActiveCfg = Release|Any CPU
		{F965576B-A801-4473-85FE-E100125FDEF5}.Release|Any CPU.Build.0 = Release|Any CPU
		{7328E464-AE3C-4277-BEC3-422C56637066}.Debug|Any CPU.ActiveCfg = Debug|Any CPU
		{7328E464-AE3C-4277-BEC3-422C56637066}.Debug|Any CPU.Build.0 = Debug|Any CPU
		{7328E464-AE3C-4277-BEC3-422C56637066}.Release|Any CPU.ActiveCfg = Release|Any CPU
		{7328E464-AE3C-4277-BEC3-422C56637066}.Release|Any CPU.Build.0 = Release|Any CPU
		{84823875-1B07-4CCE-A009-29AEF90C6C10}.Debug|Any CPU.ActiveCfg = Debug|Any CPU
		{84823875-1B07-4CCE-A009-29AEF90C6C10}.Debug|Any CPU.Build.0 = Debug|Any CPU
		{84823875-1B07-4CCE-A009-29AEF90C6C10}.Release|Any CPU.ActiveCfg = Release|Any CPU
		{84823875-1B07-4CCE-A009-29AEF90C6C10}.Release|Any CPU.Build.0 = Release|Any CPU
		{AA4EDA37-1D81-4235-A7F6-F1C112B364EF}.Debug|Any CPU.ActiveCfg = Debug|Any CPU
		{AA4EDA37-1D81-4235-A7F6-F1C112B364EF}.Debug|Any CPU.Build.0 = Debug|Any CPU
		{AA4EDA37-1D81-4235-A7F6-F1C112B364EF}.Release|Any CPU.ActiveCfg = Release|Any CPU
		{AA4EDA37-1D81-4235-A7F6-F1C112B364EF}.Release|Any CPU.Build.0 = Release|Any CPU
		{8A46FEDF-FD76-48AB-9BB2-47254C7623A4}.Debug|Any CPU.ActiveCfg = Debug|Any CPU
		{8A46FEDF-FD76-48AB-9BB2-47254C7623A4}.Debug|Any CPU.Build.0 = Debug|Any CPU
		{8A46FEDF-FD76-48AB-9BB2-47254C7623A4}.Release|Any CPU.ActiveCfg = Release|Any CPU
		{8A46FEDF-FD76-48AB-9BB2-47254C7623A4}.Release|Any CPU.Build.0 = Release|Any CPU
		{C882891F-4A6A-C9BE-AC96-227764A4A46A}.Debug|Any CPU.ActiveCfg = Debug|Any CPU
		{C882891F-4A6A-C9BE-AC96-227764A4A46A}.Debug|Any CPU.Build.0 = Debug|Any CPU
		{C882891F-4A6A-C9BE-AC96-227764A4A46A}.Release|Any CPU.ActiveCfg = Release|Any CPU
		{C882891F-4A6A-C9BE-AC96-227764A4A46A}.Release|Any CPU.Build.0 = Release|Any CPU
		{F184D96E-7855-4E3B-B447-D09DBC1C91C6}.Debug|Any CPU.ActiveCfg = Debug|Any CPU
		{F184D96E-7855-4E3B-B447-D09DBC1C91C6}.Debug|Any CPU.Build.0 = Debug|Any CPU
		{F184D96E-7855-4E3B-B447-D09DBC1C91C6}.Release|Any CPU.ActiveCfg = Release|Any CPU
		{F184D96E-7855-4E3B-B447-D09DBC1C91C6}.Release|Any CPU.Build.0 = Release|Any CPU
		{E30AAB64-BF28-4960-89C1-1F521025F531}.Debug|Any CPU.ActiveCfg = Debug|Any CPU
		{E30AAB64-BF28-4960-89C1-1F521025F531}.Debug|Any CPU.Build.0 = Debug|Any CPU
		{E30AAB64-BF28-4960-89C1-1F521025F531}.Release|Any CPU.ActiveCfg = Release|Any CPU
		{E30AAB64-BF28-4960-89C1-1F521025F531}.Release|Any CPU.Build.0 = Release|Any CPU
		{A657E04C-1495-439E-BC2E-1EEAB2D1B4DA}.Debug|Any CPU.ActiveCfg = Debug|Any CPU
		{A657E04C-1495-439E-BC2E-1EEAB2D1B4DA}.Debug|Any CPU.Build.0 = Debug|Any CPU
		{A657E04C-1495-439E-BC2E-1EEAB2D1B4DA}.Release|Any CPU.ActiveCfg = Release|Any CPU
		{A657E04C-1495-439E-BC2E-1EEAB2D1B4DA}.Release|Any CPU.Build.0 = Release|Any CPU
		{2F37FBF4-5C1C-4493-B614-0E8361432621}.Debug|Any CPU.ActiveCfg = Debug|Any CPU
		{2F37FBF4-5C1C-4493-B614-0E8361432621}.Debug|Any CPU.Build.0 = Debug|Any CPU
		{2F37FBF4-5C1C-4493-B614-0E8361432621}.Release|Any CPU.ActiveCfg = Release|Any CPU
		{2F37FBF4-5C1C-4493-B614-0E8361432621}.Release|Any CPU.Build.0 = Release|Any CPU
		{1FDDF0AD-7AB6-4706-A183-26C680817BB4}.Debug|Any CPU.ActiveCfg = Debug|Any CPU
		{1FDDF0AD-7AB6-4706-A183-26C680817BB4}.Debug|Any CPU.Build.0 = Debug|Any CPU
		{1FDDF0AD-7AB6-4706-A183-26C680817BB4}.Release|Any CPU.ActiveCfg = Release|Any CPU
		{1FDDF0AD-7AB6-4706-A183-26C680817BB4}.Release|Any CPU.Build.0 = Release|Any CPU
		{CED55D86-57CF-CB0D-E880-370C44C0DB1F}.Debug|Any CPU.ActiveCfg = Debug|Any CPU
		{CED55D86-57CF-CB0D-E880-370C44C0DB1F}.Debug|Any CPU.Build.0 = Debug|Any CPU
		{CED55D86-57CF-CB0D-E880-370C44C0DB1F}.Release|Any CPU.ActiveCfg = Release|Any CPU
		{CED55D86-57CF-CB0D-E880-370C44C0DB1F}.Release|Any CPU.Build.0 = Release|Any CPU
		{F3043A78-1942-4524-BDC4-7E88F56DF3D5}.Debug|Any CPU.ActiveCfg = Debug|Any CPU
		{F3043A78-1942-4524-BDC4-7E88F56DF3D5}.Debug|Any CPU.Build.0 = Debug|Any CPU
		{F3043A78-1942-4524-BDC4-7E88F56DF3D5}.Release|Any CPU.ActiveCfg = Release|Any CPU
		{F3043A78-1942-4524-BDC4-7E88F56DF3D5}.Release|Any CPU.Build.0 = Release|Any CPU
		{08458CA3-BF81-48E8-870D-9389DC037808}.Debug|Any CPU.ActiveCfg = Debug|Any CPU
		{08458CA3-BF81-48E8-870D-9389DC037808}.Debug|Any CPU.Build.0 = Debug|Any CPU
		{08458CA3-BF81-48E8-870D-9389DC037808}.Release|Any CPU.ActiveCfg = Release|Any CPU
		{08458CA3-BF81-48E8-870D-9389DC037808}.Release|Any CPU.Build.0 = Release|Any CPU
		{4757B038-70E4-40B0-9B73-700EE5632B07}.Debug|Any CPU.ActiveCfg = Debug|Any CPU
		{4757B038-70E4-40B0-9B73-700EE5632B07}.Debug|Any CPU.Build.0 = Debug|Any CPU
		{4757B038-70E4-40B0-9B73-700EE5632B07}.Release|Any CPU.ActiveCfg = Release|Any CPU
		{4757B038-70E4-40B0-9B73-700EE5632B07}.Release|Any CPU.Build.0 = Release|Any CPU
		{D417E1B9-D146-4983-81D0-79F3193B322B}.Debug|Any CPU.ActiveCfg = Debug|Any CPU
		{D417E1B9-D146-4983-81D0-79F3193B322B}.Debug|Any CPU.Build.0 = Debug|Any CPU
		{D417E1B9-D146-4983-81D0-79F3193B322B}.Release|Any CPU.ActiveCfg = Release|Any CPU
		{D417E1B9-D146-4983-81D0-79F3193B322B}.Release|Any CPU.Build.0 = Release|Any CPU
		{FD23CEA1-78EB-85D7-8EDF-047657355B52}.Debug|Any CPU.ActiveCfg = Debug|Any CPU
		{FD23CEA1-78EB-85D7-8EDF-047657355B52}.Debug|Any CPU.Build.0 = Debug|Any CPU
		{FD23CEA1-78EB-85D7-8EDF-047657355B52}.Release|Any CPU.ActiveCfg = Release|Any CPU
		{FD23CEA1-78EB-85D7-8EDF-047657355B52}.Release|Any CPU.Build.0 = Release|Any CPU
	EndGlobalSection
	GlobalSection(SolutionProperties) = preSolution
		HideSolutionNode = FALSE
	EndGlobalSection
	GlobalSection(NestedProjects) = preSolution
		{FF1089BE-C704-4374-B629-C57C08E1798F} = {A48E5EAB-6EFB-4A78-810E-A3E79CF749F5}
		{22C6D47A-F770-4813-B363-F2C90455E870} = {FF1089BE-C704-4374-B629-C57C08E1798F}
		{0E6F09A3-61C4-4945-9DC8-5E00CE547DBD} = {FF1089BE-C704-4374-B629-C57C08E1798F}
		{203B9DE4-201C-4223-AD0E-4823777AB9A7} = {FF1089BE-C704-4374-B629-C57C08E1798F}
		{3EBD90E6-5237-4BB0-9C14-CC1FC5956A1B} = {FF1089BE-C704-4374-B629-C57C08E1798F}
		{079E4289-E2C6-47A9-98C2-9193F8A5D415} = {FF1089BE-C704-4374-B629-C57C08E1798F}
		{BF6F0A50-93DA-4F40-9936-933FEBF3B5CA} = {FF1089BE-C704-4374-B629-C57C08E1798F}
		{A6FE7E0D-04EB-4E74-9C28-0B0920BEF7D4} = {FF1089BE-C704-4374-B629-C57C08E1798F}
		{72D0DB26-0437-499F-ACD6-4F90EA8513ED} = {FF1089BE-C704-4374-B629-C57C08E1798F}
		{F979AFA9-E3CF-43DF-A7EA-3C63213D3C72} = {FF1089BE-C704-4374-B629-C57C08E1798F}
		{C1BD1FA6-BFD5-42E3-ADB5-4D4BA51653BA} = {FF1089BE-C704-4374-B629-C57C08E1798F}
		{21A163D4-DC81-4B87-BA1B-9B5F48D66587} = {FF1089BE-C704-4374-B629-C57C08E1798F}
		{4E88785F-AD6A-4B57-BEC1-89F63A51BB63} = {FF1089BE-C704-4374-B629-C57C08E1798F}
		{D84EF7E9-2A5E-4EA8-BC2B-54289276A16D} = {FF1089BE-C704-4374-B629-C57C08E1798F}
		{CC30AFF5-305E-43C8-B230-1A82AE3041F2} = {FF1089BE-C704-4374-B629-C57C08E1798F}
		{CE85D4DD-6F4A-49AF-B575-2429FC545E7B} = {FF1089BE-C704-4374-B629-C57C08E1798F}
		{98BF777B-3AC1-4169-8633-F69D9A6EB275} = {FF1089BE-C704-4374-B629-C57C08E1798F}
		{AB6EE78F-B778-42BA-91AB-234AC4F60C16} = {FF1089BE-C704-4374-B629-C57C08E1798F}
		{7FFCC03C-147B-4257-A035-2A31A807F173} = {FF1089BE-C704-4374-B629-C57C08E1798F}
		{C546E031-1A92-409F-8E9C-4FD9A15FC042} = {FF1089BE-C704-4374-B629-C57C08E1798F}
		{26DEC31C-40C2-4F3B-9A9D-2BEA313AA59C} = {FF1089BE-C704-4374-B629-C57C08E1798F}
		{65181D1B-AD7C-4223-B230-6AB95EC1DA19} = {FF1089BE-C704-4374-B629-C57C08E1798F}
		{FBC02566-6622-43DC-B105-A0C95E9D94EB} = {FF1089BE-C704-4374-B629-C57C08E1798F}
		{14EBAC86-E192-4BFA-80C1-91F91BDDE6A4} = {FF1089BE-C704-4374-B629-C57C08E1798F}
		{A5F1444E-D86F-4740-BADD-EF042193FD92} = {FF1089BE-C704-4374-B629-C57C08E1798F}
		{C78E90E8-47EC-4A1E-A108-D0CD018CE417} = {FF1089BE-C704-4374-B629-C57C08E1798F}
		{9881C559-4DD1-48A7-B02C-5516FE06B513} = {FF1089BE-C704-4374-B629-C57C08E1798F}
		{A9D480F3-7D56-4E82-A71A-3378DE18A2D2} = {FF1089BE-C704-4374-B629-C57C08E1798F}
		{A6B947E9-450C-45D7-BDC0-AE3C12D3FBA3} = {FF1089BE-C704-4374-B629-C57C08E1798F}
		{80A0135B-6F5B-4CB0-90F5-0060D241136A} = {FF1089BE-C704-4374-B629-C57C08E1798F}
		{A2163EE1-9F38-425A-97B1-C4CDAD6E6DAD} = {FF1089BE-C704-4374-B629-C57C08E1798F}
		{B0D2BBC7-D1BB-4F7C-ADE0-59BEBF3BB5D0} = {FF1089BE-C704-4374-B629-C57C08E1798F}
		{4B71D8F7-CF9C-44CE-B371-45FBFEE0FB6E} = {FF1089BE-C704-4374-B629-C57C08E1798F}
		{F538D58D-58B1-4BA2-A933-E91AC168F568} = {FF1089BE-C704-4374-B629-C57C08E1798F}
		{BB03EAB9-9B5F-49E2-87CC-E61A06AF2DE7} = {FF1089BE-C704-4374-B629-C57C08E1798F}
		{309D35E1-8B17-4488-93BC-D6B301B1F853} = {FF1089BE-C704-4374-B629-C57C08E1798F}
		{CC7C4278-BC2E-49D0-BE18-BF8D28EFE6E7} = {FF1089BE-C704-4374-B629-C57C08E1798F}
		{BB7FBAC6-0F98-4443-B3A0-B7D0F4164D20} = {FF1089BE-C704-4374-B629-C57C08E1798F}
		{162A2C8E-767C-41A7-9020-729E79C4F1F9} = {FF1089BE-C704-4374-B629-C57C08E1798F}
		{E386EBD8-0028-42B7-8473-F26014C0E326} = {FF1089BE-C704-4374-B629-C57C08E1798F}
		{8B374E31-BBC3-4765-82C7-E124C4E1E731} = {FF1089BE-C704-4374-B629-C57C08E1798F}
		{496554A7-52B0-4E01-9CF3-08F0A2B2FCD8} = {FF1089BE-C704-4374-B629-C57C08E1798F}
		{7C875492-41A2-401D-90B1-161BCD5103DC} = {FF1089BE-C704-4374-B629-C57C08E1798F}
		{126D5C86-2C33-4E79-A762-DBEA6E7A779E} = {FF1089BE-C704-4374-B629-C57C08E1798F}
		{FE0E98BE-0C24-4C41-BFF6-E031630F5AA7} = {FF1089BE-C704-4374-B629-C57C08E1798F}
		{7DD55FF1-54BF-4B4C-9B74-603C79D9EC07} = {FF1089BE-C704-4374-B629-C57C08E1798F}
		{2D0F834A-522F-4CF3-A6BB-BC2585D8505E} = {FF1089BE-C704-4374-B629-C57C08E1798F}
		{9F61C73D-EFF4-4226-ADEF-4B32F03AA371} = {FF1089BE-C704-4374-B629-C57C08E1798F}
		{4D0A145A-029E-4DD9-841F-302E8B2AB143} = {FF1089BE-C704-4374-B629-C57C08E1798F}
		{150033CC-28E8-47B2-9704-F6203964B5F1} = {FF1089BE-C704-4374-B629-C57C08E1798F}
		{AC89886C-4216-4D20-B8DD-CFEAFC6AB2C8} = {FF1089BE-C704-4374-B629-C57C08E1798F}
		{45F1D4EB-AFB6-484B-90D3-DB684B76E693} = {FF1089BE-C704-4374-B629-C57C08E1798F}
		{2D702BA7-AB23-46BD-9F54-7F7E28322790} = {FF1089BE-C704-4374-B629-C57C08E1798F}
		{A8113292-7E73-417A-8E23-9F69F5577816} = {FF1089BE-C704-4374-B629-C57C08E1798F}
		{7B29E81D-92DE-46C8-8EDC-1B48C8F12BC2} = {A48E5EAB-6EFB-4A78-810E-A3E79CF749F5}
		{2662E3C2-F511-4DE0-AA72-FE453031993F} = {7B29E81D-92DE-46C8-8EDC-1B48C8F12BC2}
		{9BFFB509-9B57-4FE7-B2A1-4D6AFEEE0067} = {7B29E81D-92DE-46C8-8EDC-1B48C8F12BC2}
		{2E338270-C302-4E13-A681-7F80E1BEE158} = {7B29E81D-92DE-46C8-8EDC-1B48C8F12BC2}
		{750E2849-EA95-4849-A7E7-09920E30765D} = {7B29E81D-92DE-46C8-8EDC-1B48C8F12BC2}
		{BB06AD5B-3F2B-4B59-A135-36AF999A614F} = {A48E5EAB-6EFB-4A78-810E-A3E79CF749F5}
		{37979C83-5E5F-4525-85D7-DA20B27F831F} = {B6A98ADE-D26A-4D0B-8978-AB7AC915F5AE}
		{22594AD2-3E36-4984-949C-8B578B402EDE} = {B6A98ADE-D26A-4D0B-8978-AB7AC915F5AE}
		{FF8B3A19-60DC-4802-9FA0-9FE670C7D565} = {A48E5EAB-6EFB-4A78-810E-A3E79CF749F5}
		{2D783293-CEBD-4365-B8A1-0F9E76D73295} = {BB06AD5B-3F2B-4B59-A135-36AF999A614F}
		{76ACED46-6DA0-44C7-B5F5-05A6BB4CDB1E} = {FF1089BE-C704-4374-B629-C57C08E1798F}
		{11FD9DF2-3F3F-4AF1-8C85-446190F7D887} = {FF1089BE-C704-4374-B629-C57C08E1798F}
		{29E47F4A-CE03-42B5-BDAA-FB4B40D4C897} = {FF1089BE-C704-4374-B629-C57C08E1798F}
		{DA2198E1-2CA9-EE53-926B-7950AB4B5EBF} = {FF1089BE-C704-4374-B629-C57C08E1798F}
		{4B086A62-5F5A-47BC-921F-35803F26DD68} = {FF1089BE-C704-4374-B629-C57C08E1798F}
		{F965576B-A801-4473-85FE-E100125FDEF5} = {B6A98ADE-D26A-4D0B-8978-AB7AC915F5AE}
		{7328E464-AE3C-4277-BEC3-422C56637066} = {FF1089BE-C704-4374-B629-C57C08E1798F}
		{84823875-1B07-4CCE-A009-29AEF90C6C10} = {FF1089BE-C704-4374-B629-C57C08E1798F}
		{AA4EDA37-1D81-4235-A7F6-F1C112B364EF} = {FF1089BE-C704-4374-B629-C57C08E1798F}
		{8A46FEDF-FD76-48AB-9BB2-47254C7623A4} = {FF1089BE-C704-4374-B629-C57C08E1798F}
		{C882891F-4A6A-C9BE-AC96-227764A4A46A} = {FF1089BE-C704-4374-B629-C57C08E1798F}
		{F184D96E-7855-4E3B-B447-D09DBC1C91C6} = {FF1089BE-C704-4374-B629-C57C08E1798F}
		{E30AAB64-BF28-4960-89C1-1F521025F531} = {FF1089BE-C704-4374-B629-C57C08E1798F}
		{A657E04C-1495-439E-BC2E-1EEAB2D1B4DA} = {FF1089BE-C704-4374-B629-C57C08E1798F}
		{2F37FBF4-5C1C-4493-B614-0E8361432621} = {FF1089BE-C704-4374-B629-C57C08E1798F}
		{1FDDF0AD-7AB6-4706-A183-26C680817BB4} = {FF1089BE-C704-4374-B629-C57C08E1798F}
		{CED55D86-57CF-CB0D-E880-370C44C0DB1F} = {FF1089BE-C704-4374-B629-C57C08E1798F}
		{F3043A78-1942-4524-BDC4-7E88F56DF3D5} = {FF1089BE-C704-4374-B629-C57C08E1798F}
		{08458CA3-BF81-48E8-870D-9389DC037808} = {FF1089BE-C704-4374-B629-C57C08E1798F}
		{4757B038-70E4-40B0-9B73-700EE5632B07} = {FF1089BE-C704-4374-B629-C57C08E1798F}
		{D417E1B9-D146-4983-81D0-79F3193B322B} = {FF1089BE-C704-4374-B629-C57C08E1798F}
		{FD23CEA1-78EB-85D7-8EDF-047657355B52} = {7B29E81D-92DE-46C8-8EDC-1B48C8F12BC2}
	EndGlobalSection
	GlobalSection(ExtensibilityGlobals) = postSolution
		SolutionGuid = {D5EB1960-6F30-4CE1-B375-EAE1F787D6FF}
	EndGlobalSection
EndGlobal
