
Microsoft Visual Studio Solution File, Format Version 12.00
# Visual Studio Version 17
VisualStudioVersion = 17.11.35303.130
MinimumVisualStudioVersion = 10.0.40219.1
Project("{2150E333-8FDC-42A3-9474-1A3956D46DE8}") = "src", "src", "{FF1089BE-C704-4374-B629-C57C08E1798F}"
EndProject
Project("{9A19103F-16F7-4668-BE54-9A1E7A4F7556}") = "BootstrapBlazor.BaiduMap", "src\BootstrapBlazor.BaiduMap\BootstrapBlazor.BaiduMap.csproj", "{22C6D47A-F770-4813-B363-F2C90455E870}"
EndProject
Project("{9A19103F-16F7-4668-BE54-9A1E7A4F7556}") = "BootstrapBlazor.BarcodeGenerator", "src\BootstrapBlazor.BarcodeGenerator\BootstrapBlazor.BarcodeGenerator.csproj", "{0E6F09A3-61C4-4945-9DC8-5E00CE547DBD}"
EndProject
Project("{9A19103F-16F7-4668-BE54-9A1E7A4F7556}") = "BootstrapBlazor.Bluetooth", "src\BootstrapBlazor.Bluetooth\BootstrapBlazor.Bluetooth.csproj", "{6E287657-5A6D-42CA-999C-459C0AAA1806}"
EndProject
Project("{9A19103F-16F7-4668-BE54-9A1E7A4F7556}") = "BootstrapBlazor.FileSystem", "src\BootstrapBlazor.FileSystem\BootstrapBlazor.FileSystem.csproj", "{203B9DE4-201C-4223-AD0E-4823777AB9A7}"
EndProject
Project("{9A19103F-16F7-4668-BE54-9A1E7A4F7556}") = "BootstrapBlazor.FileViewer", "src\BootstrapBlazor.FileViewer\BootstrapBlazor.FileViewer.csproj", "{3EBD90E6-5237-4BB0-9C14-CC1FC5956A1B}"
EndProject
Project("{9A19103F-16F7-4668-BE54-9A1E7A4F7556}") = "BootstrapBlazor.Geolocation", "src\BootstrapBlazor.Geolocation\BootstrapBlazor.Geolocation.csproj", "{3D57D565-3FDB-4975-8785-DC62C3AB8058}"
EndProject
Project("{9A19103F-16F7-4668-BE54-9A1E7A4F7556}") = "BootstrapBlazor.ImageCropper", "src\BootstrapBlazor.ImageCropper\BootstrapBlazor.ImageCropper.csproj", "{079E4289-E2C6-47A9-98C2-9193F8A5D415}"
EndProject
Project("{9A19103F-16F7-4668-BE54-9A1E7A4F7556}") = "BootstrapBlazor.ImageHelper", "src\BootstrapBlazor.ImageHelper\BootstrapBlazor.ImageHelper.csproj", "{BF6F0A50-93DA-4F40-9936-933FEBF3B5CA}"
EndProject
Project("{9A19103F-16F7-4668-BE54-9A1E7A4F7556}") = "BootstrapBlazor.Maps", "src\BootstrapBlazor.Maps\BootstrapBlazor.Maps.csproj", "{A6FE7E0D-04EB-4E74-9C28-0B0920BEF7D4}"
EndProject
Project("{9A19103F-16F7-4668-BE54-9A1E7A4F7556}") = "BootstrapBlazor.MindMap", "src\BootstrapBlazor.MindMap\BootstrapBlazor.MindMap.csproj", "{72D0DB26-0437-499F-ACD6-4F90EA8513ED}"
EndProject
Project("{9A19103F-16F7-4668-BE54-9A1E7A4F7556}") = "BootstrapBlazor.OCR", "src\BootstrapBlazor.OCR\BootstrapBlazor.OCR.csproj", "{F979AFA9-E3CF-43DF-A7EA-3C63213D3C72}"
EndProject
Project("{9A19103F-16F7-4668-BE54-9A1E7A4F7556}") = "BootstrapBlazor.OfdReader", "src\BootstrapBlazor.OfdReader\BootstrapBlazor.OfdReader.csproj", "{C1BD1FA6-BFD5-42E3-ADB5-4D4BA51653BA}"
EndProject
Project("{9A19103F-16F7-4668-BE54-9A1E7A4F7556}") = "BootstrapBlazor.OnScreenKeyboard", "src\BootstrapBlazor.OnScreenKeyboard\BootstrapBlazor.OnScreenKeyboard.csproj", "{21A163D4-DC81-4B87-BA1B-9B5F48D66587}"
EndProject
Project("{9A19103F-16F7-4668-BE54-9A1E7A4F7556}") = "BootstrapBlazor.OpenAI", "src\BootstrapBlazor.OpenAI.GPT3\BootstrapBlazor.OpenAI.csproj", "{4E88785F-AD6A-4B57-BEC1-89F63A51BB63}"
EndProject
Project("{9A19103F-16F7-4668-BE54-9A1E7A4F7556}") = "BootstrapBlazor.PdfReader", "src\BootstrapBlazor.PdfReader\BootstrapBlazor.PdfReader.csproj", "{D84EF7E9-2A5E-4EA8-BC2B-54289276A16D}"
EndProject
Project("{9A19103F-16F7-4668-BE54-9A1E7A4F7556}") = "BootstrapBlazor.SignaturePad", "src\BootstrapBlazor.SignaturePad\BootstrapBlazor.SignaturePad.csproj", "{CC30AFF5-305E-43C8-B230-1A82AE3041F2}"
EndProject
Project("{9A19103F-16F7-4668-BE54-9A1E7A4F7556}") = "BootstrapBlazor.VideoPlayer", "src\BootstrapBlazor.VideoPlayer\BootstrapBlazor.VideoPlayer.csproj", "{CE85D4DD-6F4A-49AF-B575-2429FC545E7B}"
EndProject
Project("{9A19103F-16F7-4668-BE54-9A1E7A4F7556}") = "BootstrapBlazor.Viewer", "src\BootstrapBlazor.Viewer\BootstrapBlazor.Viewer.csproj", "{98BF777B-3AC1-4169-8633-F69D9A6EB275}"
EndProject
Project("{9A19103F-16F7-4668-BE54-9A1E7A4F7556}") = "BootstrapBlazor.WebAPI", "src\BootstrapBlazor.WebAPI\BootstrapBlazor.WebAPI.csproj", "{AB6EE78F-B778-42BA-91AB-234AC4F60C16}"
EndProject
Project("{9A19103F-16F7-4668-BE54-9A1E7A4F7556}") = "BootstrapBlazor.AntDesignIcon", "src\BootstrapBlazor.AntDesignIcon\BootstrapBlazor.AntDesignIcon.csproj", "{7FFCC03C-147B-4257-A035-2A31A807F173}"
EndProject
Project("{9A19103F-16F7-4668-BE54-9A1E7A4F7556}") = "BootstrapBlazor.AzureOpenAI", "src\BootstrapBlazor.AzureOpenAI\BootstrapBlazor.AzureOpenAI.csproj", "{C546E031-1A92-409F-8E9C-4FD9A15FC042}"
EndProject
Project("{9A19103F-16F7-4668-BE54-9A1E7A4F7556}") = "BootstrapBlazor.AzureSpeech", "src\BootstrapBlazor.AzureSpeech\BootstrapBlazor.AzureSpeech.csproj", "{26DEC31C-40C2-4F3B-9A9D-2BEA313AA59C}"
EndProject
Global
	GlobalSection(SolutionConfigurationPlatforms) = preSolution
		Debug|Any CPU = Debug|Any CPU
		Release|Any CPU = Release|Any CPU
	EndGlobalSection
	GlobalSection(ProjectConfigurationPlatforms) = postSolution
		{22C6D47A-F770-4813-B363-F2C90455E870}.Debug|Any CPU.ActiveCfg = Debug|Any CPU
		{22C6D47A-F770-4813-B363-F2C90455E870}.Debug|Any CPU.Build.0 = Debug|Any CPU
		{22C6D47A-F770-4813-B363-F2C90455E870}.Release|Any CPU.ActiveCfg = Release|Any CPU
		{22C6D47A-F770-4813-B363-F2C90455E870}.Release|Any CPU.Build.0 = Release|Any CPU
		{0E6F09A3-61C4-4945-9DC8-5E00CE547DBD}.Debug|Any CPU.ActiveCfg = Debug|Any CPU
		{0E6F09A3-61C4-4945-9DC8-5E00CE547DBD}.Debug|Any CPU.Build.0 = Debug|Any CPU
		{0E6F09A3-61C4-4945-9DC8-5E00CE547DBD}.Release|Any CPU.ActiveCfg = Release|Any CPU
		{0E6F09A3-61C4-4945-9DC8-5E00CE547DBD}.Release|Any CPU.Build.0 = Release|Any CPU
		{6E287657-5A6D-42CA-999C-459C0AAA1806}.Debug|Any CPU.ActiveCfg = Debug|Any CPU
		{6E287657-5A6D-42CA-999C-459C0AAA1806}.Debug|Any CPU.Build.0 = Debug|Any CPU
		{6E287657-5A6D-42CA-999C-459C0AAA1806}.Release|Any CPU.ActiveCfg = Release|Any CPU
		{6E287657-5A6D-42CA-999C-459C0AAA1806}.Release|Any CPU.Build.0 = Release|Any CPU
		{203B9DE4-201C-4223-AD0E-4823777AB9A7}.Debug|Any CPU.ActiveCfg = Debug|Any CPU
		{203B9DE4-201C-4223-AD0E-4823777AB9A7}.Debug|Any CPU.Build.0 = Debug|Any CPU
		{203B9DE4-201C-4223-AD0E-4823777AB9A7}.Release|Any CPU.ActiveCfg = Release|Any CPU
		{203B9DE4-201C-4223-AD0E-4823777AB9A7}.Release|Any CPU.Build.0 = Release|Any CPU
		{3EBD90E6-5237-4BB0-9C14-CC1FC5956A1B}.Debug|Any CPU.ActiveCfg = Debug|Any CPU
		{3EBD90E6-5237-4BB0-9C14-CC1FC5956A1B}.Debug|Any CPU.Build.0 = Debug|Any CPU
		{3EBD90E6-5237-4BB0-9C14-CC1FC5956A1B}.Release|Any CPU.ActiveCfg = Release|Any CPU
		{3EBD90E6-5237-4BB0-9C14-CC1FC5956A1B}.Release|Any CPU.Build.0 = Release|Any CPU
		{3D57D565-3FDB-4975-8785-DC62C3AB8058}.Debug|Any CPU.ActiveCfg = Debug|Any CPU
		{3D57D565-3FDB-4975-8785-DC62C3AB8058}.Debug|Any CPU.Build.0 = Debug|Any CPU
		{3D57D565-3FDB-4975-8785-DC62C3AB8058}.Release|Any CPU.ActiveCfg = Release|Any CPU
		{3D57D565-3FDB-4975-8785-DC62C3AB8058}.Release|Any CPU.Build.0 = Release|Any CPU
		{079E4289-E2C6-47A9-98C2-9193F8A5D415}.Debug|Any CPU.ActiveCfg = Debug|Any CPU
		{079E4289-E2C6-47A9-98C2-9193F8A5D415}.Debug|Any CPU.Build.0 = Debug|Any CPU
		{079E4289-E2C6-47A9-98C2-9193F8A5D415}.Release|Any CPU.ActiveCfg = Release|Any CPU
		{079E4289-E2C6-47A9-98C2-9193F8A5D415}.Release|Any CPU.Build.0 = Release|Any CPU
		{BF6F0A50-93DA-4F40-9936-933FEBF3B5CA}.Debug|Any CPU.ActiveCfg = Debug|Any CPU
		{BF6F0A50-93DA-4F40-9936-933FEBF3B5CA}.Debug|Any CPU.Build.0 = Debug|Any CPU
		{BF6F0A50-93DA-4F40-9936-933FEBF3B5CA}.Release|Any CPU.ActiveCfg = Release|Any CPU
		{BF6F0A50-93DA-4F40-9936-933FEBF3B5CA}.Release|Any CPU.Build.0 = Release|Any CPU
		{A6FE7E0D-04EB-4E74-9C28-0B0920BEF7D4}.Debug|Any CPU.ActiveCfg = Debug|Any CPU
		{A6FE7E0D-04EB-4E74-9C28-0B0920BEF7D4}.Debug|Any CPU.Build.0 = Debug|Any CPU
		{A6FE7E0D-04EB-4E74-9C28-0B0920BEF7D4}.Release|Any CPU.ActiveCfg = Release|Any CPU
		{A6FE7E0D-04EB-4E74-9C28-0B0920BEF7D4}.Release|Any CPU.Build.0 = Release|Any CPU
		{72D0DB26-0437-499F-ACD6-4F90EA8513ED}.Debug|Any CPU.ActiveCfg = Debug|Any CPU
		{72D0DB26-0437-499F-ACD6-4F90EA8513ED}.Debug|Any CPU.Build.0 = Debug|Any CPU
		{72D0DB26-0437-499F-ACD6-4F90EA8513ED}.Release|Any CPU.ActiveCfg = Release|Any CPU
		{72D0DB26-0437-499F-ACD6-4F90EA8513ED}.Release|Any CPU.Build.0 = Release|Any CPU
		{F979AFA9-E3CF-43DF-A7EA-3C63213D3C72}.Debug|Any CPU.ActiveCfg = Debug|Any CPU
		{F979AFA9-E3CF-43DF-A7EA-3C63213D3C72}.Debug|Any CPU.Build.0 = Debug|Any CPU
		{F979AFA9-E3CF-43DF-A7EA-3C63213D3C72}.Release|Any CPU.ActiveCfg = Release|Any CPU
		{F979AFA9-E3CF-43DF-A7EA-3C63213D3C72}.Release|Any CPU.Build.0 = Release|Any CPU
		{C1BD1FA6-BFD5-42E3-ADB5-4D4BA51653BA}.Debug|Any CPU.ActiveCfg = Debug|Any CPU
		{C1BD1FA6-BFD5-42E3-ADB5-4D4BA51653BA}.Debug|Any CPU.Build.0 = Debug|Any CPU
		{C1BD1FA6-BFD5-42E3-ADB5-4D4BA51653BA}.Release|Any CPU.ActiveCfg = Release|Any CPU
		{C1BD1FA6-BFD5-42E3-ADB5-4D4BA51653BA}.Release|Any CPU.Build.0 = Release|Any CPU
		{21A163D4-DC81-4B87-BA1B-9B5F48D66587}.Debug|Any CPU.ActiveCfg = Debug|Any CPU
		{21A163D4-DC81-4B87-BA1B-9B5F48D66587}.Debug|Any CPU.Build.0 = Debug|Any CPU
		{21A163D4-DC81-4B87-BA1B-9B5F48D66587}.Release|Any CPU.ActiveCfg = Release|Any CPU
		{21A163D4-DC81-4B87-BA1B-9B5F48D66587}.Release|Any CPU.Build.0 = Release|Any CPU
		{4E88785F-AD6A-4B57-BEC1-89F63A51BB63}.Debug|Any CPU.ActiveCfg = Debug|Any CPU
		{4E88785F-AD6A-4B57-BEC1-89F63A51BB63}.Debug|Any CPU.Build.0 = Debug|Any CPU
		{4E88785F-AD6A-4B57-BEC1-89F63A51BB63}.Release|Any CPU.ActiveCfg = Release|Any CPU
		{4E88785F-AD6A-4B57-BEC1-89F63A51BB63}.Release|Any CPU.Build.0 = Release|Any CPU
		{D84EF7E9-2A5E-4EA8-BC2B-54289276A16D}.Debug|Any CPU.ActiveCfg = Debug|Any CPU
		{D84EF7E9-2A5E-4EA8-BC2B-54289276A16D}.Debug|Any CPU.Build.0 = Debug|Any CPU
		{D84EF7E9-2A5E-4EA8-BC2B-54289276A16D}.Release|Any CPU.ActiveCfg = Release|Any CPU
		{D84EF7E9-2A5E-4EA8-BC2B-54289276A16D}.Release|Any CPU.Build.0 = Release|Any CPU
		{CC30AFF5-305E-43C8-B230-1A82AE3041F2}.Debug|Any CPU.ActiveCfg = Debug|Any CPU
		{CC30AFF5-305E-43C8-B230-1A82AE3041F2}.Debug|Any CPU.Build.0 = Debug|Any CPU
		{CC30AFF5-305E-43C8-B230-1A82AE3041F2}.Release|Any CPU.ActiveCfg = Release|Any CPU
		{CC30AFF5-305E-43C8-B230-1A82AE3041F2}.Release|Any CPU.Build.0 = Release|Any CPU
		{CE85D4DD-6F4A-49AF-B575-2429FC545E7B}.Debug|Any CPU.ActiveCfg = Debug|Any CPU
		{CE85D4DD-6F4A-49AF-B575-2429FC545E7B}.Debug|Any CPU.Build.0 = Debug|Any CPU
		{CE85D4DD-6F4A-49AF-B575-2429FC545E7B}.Release|Any CPU.ActiveCfg = Release|Any CPU
		{CE85D4DD-6F4A-49AF-B575-2429FC545E7B}.Release|Any CPU.Build.0 = Release|Any CPU
		{98BF777B-3AC1-4169-8633-F69D9A6EB275}.Debug|Any CPU.ActiveCfg = Debug|Any CPU
		{98BF777B-3AC1-4169-8633-F69D9A6EB275}.Debug|Any CPU.Build.0 = Debug|Any CPU
		{98BF777B-3AC1-4169-8633-F69D9A6EB275}.Release|Any CPU.ActiveCfg = Release|Any CPU
		{98BF777B-3AC1-4169-8633-F69D9A6EB275}.Release|Any CPU.Build.0 = Release|Any CPU
		{AB6EE78F-B778-42BA-91AB-234AC4F60C16}.Debug|Any CPU.ActiveCfg = Debug|Any CPU
		{AB6EE78F-B778-42BA-91AB-234AC4F60C16}.Debug|Any CPU.Build.0 = Debug|Any CPU
		{AB6EE78F-B778-42BA-91AB-234AC4F60C16}.Release|Any CPU.ActiveCfg = Release|Any CPU
		{AB6EE78F-B778-42BA-91AB-234AC4F60C16}.Release|Any CPU.Build.0 = Release|Any CPU
		{7FFCC03C-147B-4257-A035-2A31A807F173}.Debug|Any CPU.ActiveCfg = Debug|Any CPU
		{7FFCC03C-147B-4257-A035-2A31A807F173}.Debug|Any CPU.Build.0 = Debug|Any CPU
		{7FFCC03C-147B-4257-A035-2A31A807F173}.Release|Any CPU.ActiveCfg = Release|Any CPU
		{7FFCC03C-147B-4257-A035-2A31A807F173}.Release|Any CPU.Build.0 = Release|Any CPU
		{C546E031-1A92-409F-8E9C-4FD9A15FC042}.Debug|Any CPU.ActiveCfg = Debug|Any CPU
		{C546E031-1A92-409F-8E9C-4FD9A15FC042}.Debug|Any CPU.Build.0 = Debug|Any CPU
		{C546E031-1A92-409F-8E9C-4FD9A15FC042}.Release|Any CPU.ActiveCfg = Release|Any CPU
		{C546E031-1A92-409F-8E9C-4FD9A15FC042}.Release|Any CPU.Build.0 = Release|Any CPU
		{26DEC31C-40C2-4F3B-9A9D-2BEA313AA59C}.Debug|Any CPU.ActiveCfg = Debug|Any CPU
		{26DEC31C-40C2-4F3B-9A9D-2BEA313AA59C}.Debug|Any CPU.Build.0 = Debug|Any CPU
		{26DEC31C-40C2-4F3B-9A9D-2BEA313AA59C}.Release|Any CPU.ActiveCfg = Release|Any CPU
		{26DEC31C-40C2-4F3B-9A9D-2BEA313AA59C}.Release|Any CPU.Build.0 = Release|Any CPU
	EndGlobalSection
	GlobalSection(SolutionProperties) = preSolution
		HideSolutionNode = FALSE
	EndGlobalSection
	GlobalSection(NestedProjects) = preSolution
		{22C6D47A-F770-4813-B363-F2C90455E870} = {FF1089BE-C704-4374-B629-C57C08E1798F}
		{0E6F09A3-61C4-4945-9DC8-5E00CE547DBD} = {FF1089BE-C704-4374-B629-C57C08E1798F}
		{6E287657-5A6D-42CA-999C-459C0AAA1806} = {FF1089BE-C704-4374-B629-C57C08E1798F}
		{203B9DE4-201C-4223-AD0E-4823777AB9A7} = {FF1089BE-C704-4374-B629-C57C08E1798F}
		{3EBD90E6-5237-4BB0-9C14-CC1FC5956A1B} = {FF1089BE-C704-4374-B629-C57C08E1798F}
		{3D57D565-3FDB-4975-8785-DC62C3AB8058} = {FF1089BE-C704-4374-B629-C57C08E1798F}
		{079E4289-E2C6-47A9-98C2-9193F8A5D415} = {FF1089BE-C704-4374-B629-C57C08E1798F}
		{BF6F0A50-93DA-4F40-9936-933FEBF3B5CA} = {FF1089BE-C704-4374-B629-C57C08E1798F}
		{A6FE7E0D-04EB-4E74-9C28-0B0920BEF7D4} = {FF1089BE-C704-4374-B629-C57C08E1798F}
		{72D0DB26-0437-499F-ACD6-4F90EA8513ED} = {FF1089BE-C704-4374-B629-C57C08E1798F}
		{F979AFA9-E3CF-43DF-A7EA-3C63213D3C72} = {FF1089BE-C704-4374-B629-C57C08E1798F}
		{C1BD1FA6-BFD5-42E3-ADB5-4D4BA51653BA} = {FF1089BE-C704-4374-B629-C57C08E1798F}
		{21A163D4-DC81-4B87-BA1B-9B5F48D66587} = {FF1089BE-C704-4374-B629-C57C08E1798F}
		{4E88785F-AD6A-4B57-BEC1-89F63A51BB63} = {FF1089BE-C704-4374-B629-C57C08E1798F}
		{D84EF7E9-2A5E-4EA8-BC2B-54289276A16D} = {FF1089BE-C704-4374-B629-C57C08E1798F}
		{CC30AFF5-305E-43C8-B230-1A82AE3041F2} = {FF1089BE-C704-4374-B629-C57C08E1798F}
		{CE85D4DD-6F4A-49AF-B575-2429FC545E7B} = {FF1089BE-C704-4374-B629-C57C08E1798F}
		{98BF777B-3AC1-4169-8633-F69D9A6EB275} = {FF1089BE-C704-4374-B629-C57C08E1798F}
		{AB6EE78F-B778-42BA-91AB-234AC4F60C16} = {FF1089BE-C704-4374-B629-C57C08E1798F}
		{7FFCC03C-147B-4257-A035-2A31A807F173} = {FF1089BE-C704-4374-B629-C57C08E1798F}
		{C546E031-1A92-409F-8E9C-4FD9A15FC042} = {FF1089BE-C704-4374-B629-C57C08E1798F}
		{26DEC31C-40C2-4F3B-9A9D-2BEA313AA59C} = {FF1089BE-C704-4374-B629-C57C08E1798F}
	EndGlobalSection
	GlobalSection(ExtensibilityGlobals) = postSolution
		SolutionGuid = {D5EB1960-6F30-4CE1-B375-EAE1F787D6FF}
	EndGlobalSection
EndGlobal
