
Microsoft Visual Studio Solution File, Format Version 12.00
# Visual Studio Version 17
VisualStudioVersion = 17.11.35303.130
MinimumVisualStudioVersion = 10.0.40219.1
Project("{2150E333-8FDC-42A3-9474-1A3956D46DE8}") = "src", "src", "{FF1089BE-C704-4374-B629-C57C08E1798F}"
EndProject
Project("{9A19103F-16F7-4668-BE54-9A1E7A4F7556}") = "BootstrapBlazor.BaiduMap", "src\BootstrapBlazor.BaiduMap\BootstrapBlazor.BaiduMap.csproj", "{22C6D47A-F770-4813-B363-F2C90455E870}"
EndProject
Project("{9A19103F-16F7-4668-BE54-9A1E7A4F7556}") = "BootstrapBlazor.BarcodeGenerator", "src\BootstrapBlazor.BarcodeGenerator\BootstrapBlazor.BarcodeGenerator.csproj", "{0E6F09A3-61C4-4945-9DC8-5E00CE547DBD}"
EndProject
Project("{9A19103F-16F7-4668-BE54-9A1E7A4F7556}") = "BootstrapBlazor.Bluetooth", "src\BootstrapBlazor.Bluetooth\BootstrapBlazor.Bluetooth.csproj", "{6E287657-5A6D-42CA-999C-459C0AAA1806}"
EndProject
Project("{9A19103F-16F7-4668-BE54-9A1E7A4F7556}") = "BootstrapBlazor.FileSystem", "src\BootstrapBlazor.FileSystem\BootstrapBlazor.FileSystem.csproj", "{203B9DE4-201C-4223-AD0E-4823777AB9A7}"
EndProject
Project("{9A19103F-16F7-4668-BE54-9A1E7A4F7556}") = "BootstrapBlazor.FileViewer", "src\BootstrapBlazor.FileViewer\BootstrapBlazor.FileViewer.csproj", "{3EBD90E6-5237-4BB0-9C14-CC1FC5956A1B}"
EndProject
Project("{9A19103F-16F7-4668-BE54-9A1E7A4F7556}") = "BootstrapBlazor.Geolocation", "src\BootstrapBlazor.Geolocation\BootstrapBlazor.Geolocation.csproj", "{3D57D565-3FDB-4975-8785-DC62C3AB8058}"
EndProject
Project("{9A19103F-16F7-4668-BE54-9A1E7A4F7556}") = "BootstrapBlazor.ImageCropper", "src\BootstrapBlazor.ImageCropper\BootstrapBlazor.ImageCropper.csproj", "{079E4289-E2C6-47A9-98C2-9193F8A5D415}"
EndProject
Project("{9A19103F-16F7-4668-BE54-9A1E7A4F7556}") = "BootstrapBlazor.ImageHelper", "src\BootstrapBlazor.ImageHelper\BootstrapBlazor.ImageHelper.csproj", "{BF6F0A50-93DA-4F40-9936-933FEBF3B5CA}"
EndProject
Project("{9A19103F-16F7-4668-BE54-9A1E7A4F7556}") = "BootstrapBlazor.Maps", "src\BootstrapBlazor.Maps\BootstrapBlazor.Maps.csproj", "{A6FE7E0D-04EB-4E74-9C28-0B0920BEF7D4}"
EndProject
Project("{9A19103F-16F7-4668-BE54-9A1E7A4F7556}") = "BootstrapBlazor.MindMap", "src\BootstrapBlazor.MindMap\BootstrapBlazor.MindMap.csproj", "{72D0DB26-0437-499F-ACD6-4F90EA8513ED}"
EndProject
Project("{9A19103F-16F7-4668-BE54-9A1E7A4F7556}") = "BootstrapBlazor.OCR", "src\BootstrapBlazor.OCR\BootstrapBlazor.OCR.csproj", "{F979AFA9-E3CF-43DF-A7EA-3C63213D3C72}"
EndProject
Project("{9A19103F-16F7-4668-BE54-9A1E7A4F7556}") = "BootstrapBlazor.OfdReader", "src\BootstrapBlazor.OfdReader\BootstrapBlazor.OfdReader.csproj", "{C1BD1FA6-BFD5-42E3-ADB5-4D4BA51653BA}"
EndProject
Project("{9A19103F-16F7-4668-BE54-9A1E7A4F7556}") = "BootstrapBlazor.OnScreenKeyboard", "src\BootstrapBlazor.OnScreenKeyboard\BootstrapBlazor.OnScreenKeyboard.csproj", "{21A163D4-DC81-4B87-BA1B-9B5F48D66587}"
EndProject
Project("{9A19103F-16F7-4668-BE54-9A1E7A4F7556}") = "BootstrapBlazor.OpenAI", "src\BootstrapBlazor.OpenAI.GPT3\BootstrapBlazor.OpenAI.csproj", "{4E88785F-AD6A-4B57-BEC1-89F63A51BB63}"
EndProject
Project("{9A19103F-16F7-4668-BE54-9A1E7A4F7556}") = "BootstrapBlazor.PdfReader", "src\BootstrapBlazor.PdfReader\BootstrapBlazor.PdfReader.csproj", "{D84EF7E9-2A5E-4EA8-BC2B-54289276A16D}"
EndProject
Project("{9A19103F-16F7-4668-BE54-9A1E7A4F7556}") = "BootstrapBlazor.SignaturePad", "src\BootstrapBlazor.SignaturePad\BootstrapBlazor.SignaturePad.csproj", "{CC30AFF5-305E-43C8-B230-1A82AE3041F2}"
EndProject
Project("{9A19103F-16F7-4668-BE54-9A1E7A4F7556}") = "BootstrapBlazor.VideoPlayer", "src\BootstrapBlazor.VideoPlayer\BootstrapBlazor.VideoPlayer.csproj", "{CE85D4DD-6F4A-49AF-B575-2429FC545E7B}"
EndProject
Project("{9A19103F-16F7-4668-BE54-9A1E7A4F7556}") = "BootstrapBlazor.Viewer", "src\BootstrapBlazor.Viewer\BootstrapBlazor.Viewer.csproj", "{98BF777B-3AC1-4169-8633-F69D9A6EB275}"
EndProject
Project("{9A19103F-16F7-4668-BE54-9A1E7A4F7556}") = "BootstrapBlazor.WebAPI", "src\BootstrapBlazor.WebAPI\BootstrapBlazor.WebAPI.csproj", "{AB6EE78F-B778-42BA-91AB-234AC4F60C16}"
EndProject
Project("{9A19103F-16F7-4668-BE54-9A1E7A4F7556}") = "BootstrapBlazor.AntDesignIcon", "src\BootstrapBlazor.AntDesignIcon\BootstrapBlazor.AntDesignIcon.csproj", "{7FFCC03C-147B-4257-A035-2A31A807F173}"
EndProject
Project("{9A19103F-16F7-4668-BE54-9A1E7A4F7556}") = "BootstrapBlazor.AzureOpenAI", "src\BootstrapBlazor.AzureOpenAI\BootstrapBlazor.AzureOpenAI.csproj", "{C546E031-1A92-409F-8E9C-4FD9A15FC042}"
EndProject
Project("{9A19103F-16F7-4668-BE54-9A1E7A4F7556}") = "BootstrapBlazor.AzureSpeech", "src\BootstrapBlazor.AzureSpeech\BootstrapBlazor.AzureSpeech.csproj", "{26DEC31C-40C2-4F3B-9A9D-2BEA313AA59C}"
EndProject
Project("{FAE04EC0-301F-11D3-BF4B-00C04F79EFBC}") = "BootstrapBlazor.AzureTranslator", "src\BootstrapBlazor.AzureTranslator\BootstrapBlazor.AzureTranslator.csproj", "{65181D1B-AD7C-4223-B230-6AB95EC1DA19}"
EndProject
Project("{FAE04EC0-301F-11D3-BF4B-00C04F79EFBC}") = "BootstrapBlazor.BaiduOcr", "src\BootstrapBlazor.BaiduOcr\BootstrapBlazor.BaiduOcr.csproj", "{FBC02566-6622-43DC-B105-A0C95E9D94EB}"
EndProject
Project("{FAE04EC0-301F-11D3-BF4B-00C04F79EFBC}") = "BootstrapBlazor.BaiduSpeech", "src\BootstrapBlazor.BaiduSpeech\BootstrapBlazor.BaiduSpeech.csproj", "{14EBAC86-E192-4BFA-80C1-91F91BDDE6A4}"
EndProject
Project("{FAE04EC0-301F-11D3-BF4B-00C04F79EFBC}") = "BootstrapBlazor.BarCode", "src\BootstrapBlazor.BarCode\BootstrapBlazor.BarCode.csproj", "{A5F1444E-D86F-4740-BADD-EF042193FD92}"
EndProject
Project("{FAE04EC0-301F-11D3-BF4B-00C04F79EFBC}") = "BootstrapBlazor.BootstrapIcon", "src\BootstrapBlazor.BootstrapIcon\BootstrapBlazor.BootstrapIcon.csproj", "{C78E90E8-47EC-4A1E-A108-D0CD018CE417}"
EndProject
Project("{FAE04EC0-301F-11D3-BF4B-00C04F79EFBC}") = "BootstrapBlazor.BootstrapIcon.Extensions", "src\BootstrapBlazor.BootstrapIcon.Extensions\BootstrapBlazor.BootstrapIcon.Extensions.csproj", "{9881C559-4DD1-48A7-B02C-5516FE06B513}"
EndProject
Project("{FAE04EC0-301F-11D3-BF4B-00C04F79EFBC}") = "BootstrapBlazor.Chart", "src\BootstrapBlazor.Chart\BootstrapBlazor.Chart.csproj", "{A9D480F3-7D56-4E82-A71A-3378DE18A2D2}"
EndProject
Project("{FAE04EC0-301F-11D3-BF4B-00C04F79EFBC}") = "BootstrapBlazor.CherryMarkdown", "src\BootstrapBlazor.CherryMarkdown\BootstrapBlazor.CherryMarkdown.csproj", "{A6B947E9-450C-45D7-BDC0-AE3C12D3FBA3}"
EndProject
Project("{FAE04EC0-301F-11D3-BF4B-00C04F79EFBC}") = "BootstrapBlazor.CherryMarkdown", "src\BootstrapBlazor.CherryMarkdown\BootstrapBlazor.CherryMarkdown.csproj", "{2F286133-6A60-4A0C-B9AD-BFEE55F27DC6}"
EndProject
Project("{FAE04EC0-301F-11D3-BF4B-00C04F79EFBC}") = "BootstrapBlazor.CodeEditor", "src\BootstrapBlazor.CodeEditor\BootstrapBlazor.CodeEditor.csproj", "{80A0135B-6F5B-4CB0-90F5-0060D241136A}"
EndProject
Project("{FAE04EC0-301F-11D3-BF4B-00C04F79EFBC}") = "BootstrapBlazor.Core", "src\BootstrapBlazor.Core\BootstrapBlazor.Core.csproj", "{A2163EE1-9F38-425A-97B1-C4CDAD6E6DAD}"
EndProject
Project("{FAE04EC0-301F-11D3-BF4B-00C04F79EFBC}") = "BootstrapBlazor.Dock", "src\BootstrapBlazor.Dock\BootstrapBlazor.Dock.csproj", "{B0D2BBC7-D1BB-4F7C-ADE0-59BEBF3BB5D0}"
EndProject
Project("{FAE04EC0-301F-11D3-BF4B-00C04F79EFBC}") = "BootstrapBlazor.DockView", "src\BootstrapBlazor.DockView\BootstrapBlazor.DockView.csproj", "{4B71D8F7-CF9C-44CE-B371-45FBFEE0FB6E}"
EndProject
Project("{FAE04EC0-301F-11D3-BF4B-00C04F79EFBC}") = "BootstrapBlazor.DriverJs", "src\BootstrapBlazor.DriverJs\BootstrapBlazor.DriverJs.csproj", "{F538D58D-58B1-4BA2-A933-E91AC168F568}"
EndProject
Project("{FAE04EC0-301F-11D3-BF4B-00C04F79EFBC}") = "BootstrapBlazor.ElementIcon", "src\BootstrapBlazor.ElementIcon\BootstrapBlazor.ElementIcon.csproj", "{BB03EAB9-9B5F-49E2-87CC-E61A06AF2DE7}"
EndProject
Project("{FAE04EC0-301F-11D3-BF4B-00C04F79EFBC}") = "BootstrapBlazor.FloatingUI", "src\BootstrapBlazor.FloatingUI\BootstrapBlazor.FloatingUI.csproj", "{309D35E1-8B17-4488-93BC-D6B301B1F853}"
EndProject
Project("{FAE04EC0-301F-11D3-BF4B-00C04F79EFBC}") = "BootstrapBlazor.FontAwesome", "src\BootstrapBlazor.FontAwesome\BootstrapBlazor.FontAwesome.csproj", "{CC7C4278-BC2E-49D0-BE18-BF8D28EFE6E7}"
EndProject
Project("{FAE04EC0-301F-11D3-BF4B-00C04F79EFBC}") = "BootstrapBlazor.Gantt", "src\BootstrapBlazor.Gantt\BootstrapBlazor.Gantt.csproj", "{BB7FBAC6-0F98-4443-B3A0-B7D0F4164D20}"
EndProject
Project("{FAE04EC0-301F-11D3-BF4B-00C04F79EFBC}") = "BootstrapBlazor.Holiday", "src\BootstrapBlazor.Holiday\BootstrapBlazor.Holiday.csproj", "{162A2C8E-767C-41A7-9020-729E79C4F1F9}"
EndProject
Project("{FAE04EC0-301F-11D3-BF4B-00C04F79EFBC}") = "BootstrapBlazor.Html2Pdf", "src\BootstrapBlazor.Html2Pdf\BootstrapBlazor.Html2Pdf.csproj", "{E386EBD8-0028-42B7-8473-F26014C0E326}"
EndProject
Project("{FAE04EC0-301F-11D3-BF4B-00C04F79EFBC}") = "BootstrapBlazor.Html2Pdf.iText", "src\BootstrapBlazor.Html2Pdf.iText\BootstrapBlazor.Html2Pdf.iText.csproj", "{26452C1D-8FBB-419A-9667-01C34B7C6AC4}"
EndProject
Project("{FAE04EC0-301F-11D3-BF4B-00C04F79EFBC}") = "BootstrapBlazor.IconPark", "src\BootstrapBlazor.IconPark\BootstrapBlazor.IconPark.csproj", "{8B374E31-BBC3-4765-82C7-E124C4E1E731}"
EndProject
Project("{FAE04EC0-301F-11D3-BF4B-00C04F79EFBC}") = "BootstrapBlazor.Live2DDisplay", "src\BootstrapBlazor.Live2DDisplay\BootstrapBlazor.Live2DDisplay.csproj", "{496554A7-52B0-4E01-9CF3-08F0A2B2FCD8}"
EndProject
Project("{FAE04EC0-301F-11D3-BF4B-00C04F79EFBC}") = "BootstrapBlazor.Markdown", "src\BootstrapBlazor.Markdown\BootstrapBlazor.Markdown.csproj", "{7C875492-41A2-401D-90B1-161BCD5103DC}"
EndProject
Project("{FAE04EC0-301F-11D3-BF4B-00C04F79EFBC}") = "BootstrapBlazor.MaterialDesign", "src\BootstrapBlazor.MaterialDesign\BootstrapBlazor.MaterialDesign.csproj", "{126D5C86-2C33-4E79-A762-DBEA6E7A779E}"
EndProject
Project("{FAE04EC0-301F-11D3-BF4B-00C04F79EFBC}") = "BootstrapBlazor.MaterialDesign.Extensions", "src\BootstrapBlazor.MaterialDesign.Extensions\BootstrapBlazor.MaterialDesign.Extensions.csproj", "{FE0E98BE-0C24-4C41-BFF6-E031630F5AA7}"
EndProject
Project("{FAE04EC0-301F-11D3-BF4B-00C04F79EFBC}") = "BootstrapBlazor.MouseFollower", "src\BootstrapBlazor.MouseFollower\BootstrapBlazor.MouseFollower.csproj", "{7DD55FF1-54BF-4B4C-9B74-603C79D9EC07}"
EndProject
Project("{FAE04EC0-301F-11D3-BF4B-00C04F79EFBC}") = "BootstrapBlazor.Player", "src\BootstrapBlazor.Player\BootstrapBlazor.Player.csproj", "{2D0F834A-522F-4CF3-A6BB-BC2585D8505E}"
EndProject
Project("{FAE04EC0-301F-11D3-BF4B-00C04F79EFBC}") = "BootstrapBlazor.Sortable", "src\BootstrapBlazor.Sortable\BootstrapBlazor.Sortable.csproj", "{9F61C73D-EFF4-4226-ADEF-4B32F03AA371}"
EndProject
Project("{FAE04EC0-301F-11D3-BF4B-00C04F79EFBC}") = "BootstrapBlazor.Splitting", "src\BootstrapBlazor.Splitting\BootstrapBlazor.Splitting.csproj", "{4D0A145A-029E-4DD9-841F-302E8B2AB143}"
EndProject
Project("{FAE04EC0-301F-11D3-BF4B-00C04F79EFBC}") = "BootstrapBlazor.SummerNote", "src\BootstrapBlazor.SummerNote\BootstrapBlazor.SummerNote.csproj", "{150033CC-28E8-47B2-9704-F6203964B5F1}"
EndProject
Project("{FAE04EC0-301F-11D3-BF4B-00C04F79EFBC}") = "BootstrapBlazor.TableExport", "src\BootstrapBlazor.TableExport\BootstrapBlazor.TableExport.csproj", "{AC89886C-4216-4D20-B8DD-CFEAFC6AB2C8}"
EndProject
Project("{FAE04EC0-301F-11D3-BF4B-00C04F79EFBC}") = "BootstrapBlazor.TagHelper", "src\BootstrapBlazor.TagHelper\BootstrapBlazor.TagHelper.csproj", "{45F1D4EB-AFB6-484B-90D3-DB684B76E693}"
EndProject
Project("{FAE04EC0-301F-11D3-BF4B-00C04F79EFBC}") = "BootstrapBlazor.Topology", "src\BootstrapBlazor.Topology\BootstrapBlazor.Topology.csproj", "{2D702BA7-AB23-46BD-9F54-7F7E28322790}"
EndProject
Project("{FAE04EC0-301F-11D3-BF4B-00C04F79EFBC}") = "BootstrapBlazor.WinBox", "src\BootstrapBlazor.WinBox\BootstrapBlazor.WinBox.csproj", "{A8113292-7E73-417A-8E23-9F69F5577816}"
EndProject
Global
	GlobalSection(SolutionConfigurationPlatforms) = preSolution
		Debug|Any CPU = Debug|Any CPU
		Release|Any CPU = Release|Any CPU
	EndGlobalSection
	GlobalSection(ProjectConfigurationPlatforms) = postSolution
		{22C6D47A-F770-4813-B363-F2C90455E870}.Debug|Any CPU.ActiveCfg = Debug|Any CPU
		{22C6D47A-F770-4813-B363-F2C90455E870}.Debug|Any CPU.Build.0 = Debug|Any CPU
		{22C6D47A-F770-4813-B363-F2C90455E870}.Release|Any CPU.ActiveCfg = Release|Any CPU
		{22C6D47A-F770-4813-B363-F2C90455E870}.Release|Any CPU.Build.0 = Release|Any CPU
		{0E6F09A3-61C4-4945-9DC8-5E00CE547DBD}.Debug|Any CPU.ActiveCfg = Debug|Any CPU
		{0E6F09A3-61C4-4945-9DC8-5E00CE547DBD}.Debug|Any CPU.Build.0 = Debug|Any CPU
		{0E6F09A3-61C4-4945-9DC8-5E00CE547DBD}.Release|Any CPU.ActiveCfg = Release|Any CPU
		{0E6F09A3-61C4-4945-9DC8-5E00CE547DBD}.Release|Any CPU.Build.0 = Release|Any CPU
		{6E287657-5A6D-42CA-999C-459C0AAA1806}.Debug|Any CPU.ActiveCfg = Debug|Any CPU
		{6E287657-5A6D-42CA-999C-459C0AAA1806}.Debug|Any CPU.Build.0 = Debug|Any CPU
		{6E287657-5A6D-42CA-999C-459C0AAA1806}.Release|Any CPU.ActiveCfg = Release|Any CPU
		{6E287657-5A6D-42CA-999C-459C0AAA1806}.Release|Any CPU.Build.0 = Release|Any CPU
		{203B9DE4-201C-4223-AD0E-4823777AB9A7}.Debug|Any CPU.ActiveCfg = Debug|Any CPU
		{203B9DE4-201C-4223-AD0E-4823777AB9A7}.Debug|Any CPU.Build.0 = Debug|Any CPU
		{203B9DE4-201C-4223-AD0E-4823777AB9A7}.Release|Any CPU.ActiveCfg = Release|Any CPU
		{203B9DE4-201C-4223-AD0E-4823777AB9A7}.Release|Any CPU.Build.0 = Release|Any CPU
		{3EBD90E6-5237-4BB0-9C14-CC1FC5956A1B}.Debug|Any CPU.ActiveCfg = Debug|Any CPU
		{3EBD90E6-5237-4BB0-9C14-CC1FC5956A1B}.Debug|Any CPU.Build.0 = Debug|Any CPU
		{3EBD90E6-5237-4BB0-9C14-CC1FC5956A1B}.Release|Any CPU.ActiveCfg = Release|Any CPU
		{3EBD90E6-5237-4BB0-9C14-CC1FC5956A1B}.Release|Any CPU.Build.0 = Release|Any CPU
		{3D57D565-3FDB-4975-8785-DC62C3AB8058}.Debug|Any CPU.ActiveCfg = Debug|Any CPU
		{3D57D565-3FDB-4975-8785-DC62C3AB8058}.Debug|Any CPU.Build.0 = Debug|Any CPU
		{3D57D565-3FDB-4975-8785-DC62C3AB8058}.Release|Any CPU.ActiveCfg = Release|Any CPU
		{3D57D565-3FDB-4975-8785-DC62C3AB8058}.Release|Any CPU.Build.0 = Release|Any CPU
		{079E4289-E2C6-47A9-98C2-9193F8A5D415}.Debug|Any CPU.ActiveCfg = Debug|Any CPU
		{079E4289-E2C6-47A9-98C2-9193F8A5D415}.Debug|Any CPU.Build.0 = Debug|Any CPU
		{079E4289-E2C6-47A9-98C2-9193F8A5D415}.Release|Any CPU.ActiveCfg = Release|Any CPU
		{079E4289-E2C6-47A9-98C2-9193F8A5D415}.Release|Any CPU.Build.0 = Release|Any CPU
		{BF6F0A50-93DA-4F40-9936-933FEBF3B5CA}.Debug|Any CPU.ActiveCfg = Debug|Any CPU
		{BF6F0A50-93DA-4F40-9936-933FEBF3B5CA}.Debug|Any CPU.Build.0 = Debug|Any CPU
		{BF6F0A50-93DA-4F40-9936-933FEBF3B5CA}.Release|Any CPU.ActiveCfg = Release|Any CPU
		{BF6F0A50-93DA-4F40-9936-933FEBF3B5CA}.Release|Any CPU.Build.0 = Release|Any CPU
		{A6FE7E0D-04EB-4E74-9C28-0B0920BEF7D4}.Debug|Any CPU.ActiveCfg = Debug|Any CPU
		{A6FE7E0D-04EB-4E74-9C28-0B0920BEF7D4}.Debug|Any CPU.Build.0 = Debug|Any CPU
		{A6FE7E0D-04EB-4E74-9C28-0B0920BEF7D4}.Release|Any CPU.ActiveCfg = Release|Any CPU
		{A6FE7E0D-04EB-4E74-9C28-0B0920BEF7D4}.Release|Any CPU.Build.0 = Release|Any CPU
		{72D0DB26-0437-499F-ACD6-4F90EA8513ED}.Debug|Any CPU.ActiveCfg = Debug|Any CPU
		{72D0DB26-0437-499F-ACD6-4F90EA8513ED}.Debug|Any CPU.Build.0 = Debug|Any CPU
		{72D0DB26-0437-499F-ACD6-4F90EA8513ED}.Release|Any CPU.ActiveCfg = Release|Any CPU
		{72D0DB26-0437-499F-ACD6-4F90EA8513ED}.Release|Any CPU.Build.0 = Release|Any CPU
		{F979AFA9-E3CF-43DF-A7EA-3C63213D3C72}.Debug|Any CPU.ActiveCfg = Debug|Any CPU
		{F979AFA9-E3CF-43DF-A7EA-3C63213D3C72}.Debug|Any CPU.Build.0 = Debug|Any CPU
		{F979AFA9-E3CF-43DF-A7EA-3C63213D3C72}.Release|Any CPU.ActiveCfg = Release|Any CPU
		{F979AFA9-E3CF-43DF-A7EA-3C63213D3C72}.Release|Any CPU.Build.0 = Release|Any CPU
		{C1BD1FA6-BFD5-42E3-ADB5-4D4BA51653BA}.Debug|Any CPU.ActiveCfg = Debug|Any CPU
		{C1BD1FA6-BFD5-42E3-ADB5-4D4BA51653BA}.Debug|Any CPU.Build.0 = Debug|Any CPU
		{C1BD1FA6-BFD5-42E3-ADB5-4D4BA51653BA}.Release|Any CPU.ActiveCfg = Release|Any CPU
		{C1BD1FA6-BFD5-42E3-ADB5-4D4BA51653BA}.Release|Any CPU.Build.0 = Release|Any CPU
		{21A163D4-DC81-4B87-BA1B-9B5F48D66587}.Debug|Any CPU.ActiveCfg = Debug|Any CPU
		{21A163D4-DC81-4B87-BA1B-9B5F48D66587}.Debug|Any CPU.Build.0 = Debug|Any CPU
		{21A163D4-DC81-4B87-BA1B-9B5F48D66587}.Release|Any CPU.ActiveCfg = Release|Any CPU
		{21A163D4-DC81-4B87-BA1B-9B5F48D66587}.Release|Any CPU.Build.0 = Release|Any CPU
		{4E88785F-AD6A-4B57-BEC1-89F63A51BB63}.Debug|Any CPU.ActiveCfg = Debug|Any CPU
		{4E88785F-AD6A-4B57-BEC1-89F63A51BB63}.Debug|Any CPU.Build.0 = Debug|Any CPU
		{4E88785F-AD6A-4B57-BEC1-89F63A51BB63}.Release|Any CPU.ActiveCfg = Release|Any CPU
		{4E88785F-AD6A-4B57-BEC1-89F63A51BB63}.Release|Any CPU.Build.0 = Release|Any CPU
		{D84EF7E9-2A5E-4EA8-BC2B-54289276A16D}.Debug|Any CPU.ActiveCfg = Debug|Any CPU
		{D84EF7E9-2A5E-4EA8-BC2B-54289276A16D}.Debug|Any CPU.Build.0 = Debug|Any CPU
		{D84EF7E9-2A5E-4EA8-BC2B-54289276A16D}.Release|Any CPU.ActiveCfg = Release|Any CPU
		{D84EF7E9-2A5E-4EA8-BC2B-54289276A16D}.Release|Any CPU.Build.0 = Release|Any CPU
		{CC30AFF5-305E-43C8-B230-1A82AE3041F2}.Debug|Any CPU.ActiveCfg = Debug|Any CPU
		{CC30AFF5-305E-43C8-B230-1A82AE3041F2}.Debug|Any CPU.Build.0 = Debug|Any CPU
		{CC30AFF5-305E-43C8-B230-1A82AE3041F2}.Release|Any CPU.ActiveCfg = Release|Any CPU
		{CC30AFF5-305E-43C8-B230-1A82AE3041F2}.Release|Any CPU.Build.0 = Release|Any CPU
		{CE85D4DD-6F4A-49AF-B575-2429FC545E7B}.Debug|Any CPU.ActiveCfg = Debug|Any CPU
		{CE85D4DD-6F4A-49AF-B575-2429FC545E7B}.Debug|Any CPU.Build.0 = Debug|Any CPU
		{CE85D4DD-6F4A-49AF-B575-2429FC545E7B}.Release|Any CPU.ActiveCfg = Release|Any CPU
		{CE85D4DD-6F4A-49AF-B575-2429FC545E7B}.Release|Any CPU.Build.0 = Release|Any CPU
		{98BF777B-3AC1-4169-8633-F69D9A6EB275}.Debug|Any CPU.ActiveCfg = Debug|Any CPU
		{98BF777B-3AC1-4169-8633-F69D9A6EB275}.Debug|Any CPU.Build.0 = Debug|Any CPU
		{98BF777B-3AC1-4169-8633-F69D9A6EB275}.Release|Any CPU.ActiveCfg = Release|Any CPU
		{98BF777B-3AC1-4169-8633-F69D9A6EB275}.Release|Any CPU.Build.0 = Release|Any CPU
		{AB6EE78F-B778-42BA-91AB-234AC4F60C16}.Debug|Any CPU.ActiveCfg = Debug|Any CPU
		{AB6EE78F-B778-42BA-91AB-234AC4F60C16}.Debug|Any CPU.Build.0 = Debug|Any CPU
		{AB6EE78F-B778-42BA-91AB-234AC4F60C16}.Release|Any CPU.ActiveCfg = Release|Any CPU
		{AB6EE78F-B778-42BA-91AB-234AC4F60C16}.Release|Any CPU.Build.0 = Release|Any CPU
		{7FFCC03C-147B-4257-A035-2A31A807F173}.Debug|Any CPU.ActiveCfg = Debug|Any CPU
		{7FFCC03C-147B-4257-A035-2A31A807F173}.Debug|Any CPU.Build.0 = Debug|Any CPU
		{7FFCC03C-147B-4257-A035-2A31A807F173}.Release|Any CPU.ActiveCfg = Release|Any CPU
		{7FFCC03C-147B-4257-A035-2A31A807F173}.Release|Any CPU.Build.0 = Release|Any CPU
		{C546E031-1A92-409F-8E9C-4FD9A15FC042}.Debug|Any CPU.ActiveCfg = Debug|Any CPU
		{C546E031-1A92-409F-8E9C-4FD9A15FC042}.Debug|Any CPU.Build.0 = Debug|Any CPU
		{C546E031-1A92-409F-8E9C-4FD9A15FC042}.Release|Any CPU.ActiveCfg = Release|Any CPU
		{C546E031-1A92-409F-8E9C-4FD9A15FC042}.Release|Any CPU.Build.0 = Release|Any CPU
		{26DEC31C-40C2-4F3B-9A9D-2BEA313AA59C}.Debug|Any CPU.ActiveCfg = Debug|Any CPU
		{26DEC31C-40C2-4F3B-9A9D-2BEA313AA59C}.Debug|Any CPU.Build.0 = Debug|Any CPU
		{26DEC31C-40C2-4F3B-9A9D-2BEA313AA59C}.Release|Any CPU.ActiveCfg = Release|Any CPU
		{26DEC31C-40C2-4F3B-9A9D-2BEA313AA59C}.Release|Any CPU.Build.0 = Release|Any CPU
		{65181D1B-AD7C-4223-B230-6AB95EC1DA19}.Debug|Any CPU.ActiveCfg = Debug|Any CPU
		{65181D1B-AD7C-4223-B230-6AB95EC1DA19}.Debug|Any CPU.Build.0 = Debug|Any CPU
		{65181D1B-AD7C-4223-B230-6AB95EC1DA19}.Release|Any CPU.ActiveCfg = Release|Any CPU
		{65181D1B-AD7C-4223-B230-6AB95EC1DA19}.Release|Any CPU.Build.0 = Release|Any CPU
		{FBC02566-6622-43DC-B105-A0C95E9D94EB}.Debug|Any CPU.ActiveCfg = Debug|Any CPU
		{FBC02566-6622-43DC-B105-A0C95E9D94EB}.Debug|Any CPU.Build.0 = Debug|Any CPU
		{FBC02566-6622-43DC-B105-A0C95E9D94EB}.Release|Any CPU.ActiveCfg = Release|Any CPU
		{FBC02566-6622-43DC-B105-A0C95E9D94EB}.Release|Any CPU.Build.0 = Release|Any CPU
		{14EBAC86-E192-4BFA-80C1-91F91BDDE6A4}.Debug|Any CPU.ActiveCfg = Debug|Any CPU
		{14EBAC86-E192-4BFA-80C1-91F91BDDE6A4}.Debug|Any CPU.Build.0 = Debug|Any CPU
		{14EBAC86-E192-4BFA-80C1-91F91BDDE6A4}.Release|Any CPU.ActiveCfg = Release|Any CPU
		{14EBAC86-E192-4BFA-80C1-91F91BDDE6A4}.Release|Any CPU.Build.0 = Release|Any CPU
		{A5F1444E-D86F-4740-BADD-EF042193FD92}.Debug|Any CPU.ActiveCfg = Debug|Any CPU
		{A5F1444E-D86F-4740-BADD-EF042193FD92}.Debug|Any CPU.Build.0 = Debug|Any CPU
		{A5F1444E-D86F-4740-BADD-EF042193FD92}.Release|Any CPU.ActiveCfg = Release|Any CPU
		{A5F1444E-D86F-4740-BADD-EF042193FD92}.Release|Any CPU.Build.0 = Release|Any CPU
		{C78E90E8-47EC-4A1E-A108-D0CD018CE417}.Debug|Any CPU.ActiveCfg = Debug|Any CPU
		{C78E90E8-47EC-4A1E-A108-D0CD018CE417}.Debug|Any CPU.Build.0 = Debug|Any CPU
		{C78E90E8-47EC-4A1E-A108-D0CD018CE417}.Release|Any CPU.ActiveCfg = Release|Any CPU
		{C78E90E8-47EC-4A1E-A108-D0CD018CE417}.Release|Any CPU.Build.0 = Release|Any CPU
		{9881C559-4DD1-48A7-B02C-5516FE06B513}.Debug|Any CPU.ActiveCfg = Debug|Any CPU
		{9881C559-4DD1-48A7-B02C-5516FE06B513}.Debug|Any CPU.Build.0 = Debug|Any CPU
		{9881C559-4DD1-48A7-B02C-5516FE06B513}.Release|Any CPU.ActiveCfg = Release|Any CPU
		{9881C559-4DD1-48A7-B02C-5516FE06B513}.Release|Any CPU.Build.0 = Release|Any CPU
		{A9D480F3-7D56-4E82-A71A-3378DE18A2D2}.Debug|Any CPU.ActiveCfg = Debug|Any CPU
		{A9D480F3-7D56-4E82-A71A-3378DE18A2D2}.Debug|Any CPU.Build.0 = Debug|Any CPU
		{A9D480F3-7D56-4E82-A71A-3378DE18A2D2}.Release|Any CPU.ActiveCfg = Release|Any CPU
		{A9D480F3-7D56-4E82-A71A-3378DE18A2D2}.Release|Any CPU.Build.0 = Release|Any CPU
		{A6B947E9-450C-45D7-BDC0-AE3C12D3FBA3}.Debug|Any CPU.ActiveCfg = Debug|Any CPU
		{A6B947E9-450C-45D7-BDC0-AE3C12D3FBA3}.Debug|Any CPU.Build.0 = Debug|Any CPU
		{A6B947E9-450C-45D7-BDC0-AE3C12D3FBA3}.Release|Any CPU.ActiveCfg = Release|Any CPU
		{A6B947E9-450C-45D7-BDC0-AE3C12D3FBA3}.Release|Any CPU.Build.0 = Release|Any CPU
		{2F286133-6A60-4A0C-B9AD-BFEE55F27DC6}.Debug|Any CPU.ActiveCfg = Debug|Any CPU
		{2F286133-6A60-4A0C-B9AD-BFEE55F27DC6}.Debug|Any CPU.Build.0 = Debug|Any CPU
		{2F286133-6A60-4A0C-B9AD-BFEE55F27DC6}.Release|Any CPU.ActiveCfg = Release|Any CPU
		{2F286133-6A60-4A0C-B9AD-BFEE55F27DC6}.Release|Any CPU.Build.0 = Release|Any CPU
		{80A0135B-6F5B-4CB0-90F5-0060D241136A}.Debug|Any CPU.ActiveCfg = Debug|Any CPU
		{80A0135B-6F5B-4CB0-90F5-0060D241136A}.Debug|Any CPU.Build.0 = Debug|Any CPU
		{80A0135B-6F5B-4CB0-90F5-0060D241136A}.Release|Any CPU.ActiveCfg = Release|Any CPU
		{80A0135B-6F5B-4CB0-90F5-0060D241136A}.Release|Any CPU.Build.0 = Release|Any CPU
		{A2163EE1-9F38-425A-97B1-C4CDAD6E6DAD}.Debug|Any CPU.ActiveCfg = Debug|Any CPU
		{A2163EE1-9F38-425A-97B1-C4CDAD6E6DAD}.Debug|Any CPU.Build.0 = Debug|Any CPU
		{A2163EE1-9F38-425A-97B1-C4CDAD6E6DAD}.Release|Any CPU.ActiveCfg = Release|Any CPU
		{A2163EE1-9F38-425A-97B1-C4CDAD6E6DAD}.Release|Any CPU.Build.0 = Release|Any CPU
		{B0D2BBC7-D1BB-4F7C-ADE0-59BEBF3BB5D0}.Debug|Any CPU.ActiveCfg = Debug|Any CPU
		{B0D2BBC7-D1BB-4F7C-ADE0-59BEBF3BB5D0}.Debug|Any CPU.Build.0 = Debug|Any CPU
		{B0D2BBC7-D1BB-4F7C-ADE0-59BEBF3BB5D0}.Release|Any CPU.ActiveCfg = Release|Any CPU
		{B0D2BBC7-D1BB-4F7C-ADE0-59BEBF3BB5D0}.Release|Any CPU.Build.0 = Release|Any CPU
		{4B71D8F7-CF9C-44CE-B371-45FBFEE0FB6E}.Debug|Any CPU.ActiveCfg = Debug|Any CPU
		{4B71D8F7-CF9C-44CE-B371-45FBFEE0FB6E}.Debug|Any CPU.Build.0 = Debug|Any CPU
		{4B71D8F7-CF9C-44CE-B371-45FBFEE0FB6E}.Release|Any CPU.ActiveCfg = Release|Any CPU
		{4B71D8F7-CF9C-44CE-B371-45FBFEE0FB6E}.Release|Any CPU.Build.0 = Release|Any CPU
		{F538D58D-58B1-4BA2-A933-E91AC168F568}.Debug|Any CPU.ActiveCfg = Debug|Any CPU
		{F538D58D-58B1-4BA2-A933-E91AC168F568}.Debug|Any CPU.Build.0 = Debug|Any CPU
		{F538D58D-58B1-4BA2-A933-E91AC168F568}.Release|Any CPU.ActiveCfg = Release|Any CPU
		{F538D58D-58B1-4BA2-A933-E91AC168F568}.Release|Any CPU.Build.0 = Release|Any CPU
		{BB03EAB9-9B5F-49E2-87CC-E61A06AF2DE7}.Debug|Any CPU.ActiveCfg = Debug|Any CPU
		{BB03EAB9-9B5F-49E2-87CC-E61A06AF2DE7}.Debug|Any CPU.Build.0 = Debug|Any CPU
		{BB03EAB9-9B5F-49E2-87CC-E61A06AF2DE7}.Release|Any CPU.ActiveCfg = Release|Any CPU
		{BB03EAB9-9B5F-49E2-87CC-E61A06AF2DE7}.Release|Any CPU.Build.0 = Release|Any CPU
		{309D35E1-8B17-4488-93BC-D6B301B1F853}.Debug|Any CPU.ActiveCfg = Debug|Any CPU
		{309D35E1-8B17-4488-93BC-D6B301B1F853}.Debug|Any CPU.Build.0 = Debug|Any CPU
		{309D35E1-8B17-4488-93BC-D6B301B1F853}.Release|Any CPU.ActiveCfg = Release|Any CPU
		{309D35E1-8B17-4488-93BC-D6B301B1F853}.Release|Any CPU.Build.0 = Release|Any CPU
		{CC7C4278-BC2E-49D0-BE18-BF8D28EFE6E7}.Debug|Any CPU.ActiveCfg = Debug|Any CPU
		{CC7C4278-BC2E-49D0-BE18-BF8D28EFE6E7}.Debug|Any CPU.Build.0 = Debug|Any CPU
		{CC7C4278-BC2E-49D0-BE18-BF8D28EFE6E7}.Release|Any CPU.ActiveCfg = Release|Any CPU
		{CC7C4278-BC2E-49D0-BE18-BF8D28EFE6E7}.Release|Any CPU.Build.0 = Release|Any CPU
		{BB7FBAC6-0F98-4443-B3A0-B7D0F4164D20}.Debug|Any CPU.ActiveCfg = Debug|Any CPU
		{BB7FBAC6-0F98-4443-B3A0-B7D0F4164D20}.Debug|Any CPU.Build.0 = Debug|Any CPU
		{BB7FBAC6-0F98-4443-B3A0-B7D0F4164D20}.Release|Any CPU.ActiveCfg = Release|Any CPU
		{BB7FBAC6-0F98-4443-B3A0-B7D0F4164D20}.Release|Any CPU.Build.0 = Release|Any CPU
		{162A2C8E-767C-41A7-9020-729E79C4F1F9}.Debug|Any CPU.ActiveCfg = Debug|Any CPU
		{162A2C8E-767C-41A7-9020-729E79C4F1F9}.Debug|Any CPU.Build.0 = Debug|Any CPU
		{162A2C8E-767C-41A7-9020-729E79C4F1F9}.Release|Any CPU.ActiveCfg = Release|Any CPU
		{162A2C8E-767C-41A7-9020-729E79C4F1F9}.Release|Any CPU.Build.0 = Release|Any CPU
		{E386EBD8-0028-42B7-8473-F26014C0E326}.Debug|Any CPU.ActiveCfg = Debug|Any CPU
		{E386EBD8-0028-42B7-8473-F26014C0E326}.Debug|Any CPU.Build.0 = Debug|Any CPU
		{E386EBD8-0028-42B7-8473-F26014C0E326}.Release|Any CPU.ActiveCfg = Release|Any CPU
		{E386EBD8-0028-42B7-8473-F26014C0E326}.Release|Any CPU.Build.0 = Release|Any CPU
		{26452C1D-8FBB-419A-9667-01C34B7C6AC4}.Debug|Any CPU.ActiveCfg = Debug|Any CPU
		{26452C1D-8FBB-419A-9667-01C34B7C6AC4}.Debug|Any CPU.Build.0 = Debug|Any CPU
		{26452C1D-8FBB-419A-9667-01C34B7C6AC4}.Release|Any CPU.ActiveCfg = Release|Any CPU
		{26452C1D-8FBB-419A-9667-01C34B7C6AC4}.Release|Any CPU.Build.0 = Release|Any CPU
		{8B374E31-BBC3-4765-82C7-E124C4E1E731}.Debug|Any CPU.ActiveCfg = Debug|Any CPU
		{8B374E31-BBC3-4765-82C7-E124C4E1E731}.Debug|Any CPU.Build.0 = Debug|Any CPU
		{8B374E31-BBC3-4765-82C7-E124C4E1E731}.Release|Any CPU.ActiveCfg = Release|Any CPU
		{8B374E31-BBC3-4765-82C7-E124C4E1E731}.Release|Any CPU.Build.0 = Release|Any CPU
		{496554A7-52B0-4E01-9CF3-08F0A2B2FCD8}.Debug|Any CPU.ActiveCfg = Debug|Any CPU
		{496554A7-52B0-4E01-9CF3-08F0A2B2FCD8}.Debug|Any CPU.Build.0 = Debug|Any CPU
		{496554A7-52B0-4E01-9CF3-08F0A2B2FCD8}.Release|Any CPU.ActiveCfg = Release|Any CPU
		{496554A7-52B0-4E01-9CF3-08F0A2B2FCD8}.Release|Any CPU.Build.0 = Release|Any CPU
		{7C875492-41A2-401D-90B1-161BCD5103DC}.Debug|Any CPU.ActiveCfg = Debug|Any CPU
		{7C875492-41A2-401D-90B1-161BCD5103DC}.Debug|Any CPU.Build.0 = Debug|Any CPU
		{7C875492-41A2-401D-90B1-161BCD5103DC}.Release|Any CPU.ActiveCfg = Release|Any CPU
		{7C875492-41A2-401D-90B1-161BCD5103DC}.Release|Any CPU.Build.0 = Release|Any CPU
		{126D5C86-2C33-4E79-A762-DBEA6E7A779E}.Debug|Any CPU.ActiveCfg = Debug|Any CPU
		{126D5C86-2C33-4E79-A762-DBEA6E7A779E}.Debug|Any CPU.Build.0 = Debug|Any CPU
		{126D5C86-2C33-4E79-A762-DBEA6E7A779E}.Release|Any CPU.ActiveCfg = Release|Any CPU
		{126D5C86-2C33-4E79-A762-DBEA6E7A779E}.Release|Any CPU.Build.0 = Release|Any CPU
		{FE0E98BE-0C24-4C41-BFF6-E031630F5AA7}.Debug|Any CPU.ActiveCfg = Debug|Any CPU
		{FE0E98BE-0C24-4C41-BFF6-E031630F5AA7}.Debug|Any CPU.Build.0 = Debug|Any CPU
		{FE0E98BE-0C24-4C41-BFF6-E031630F5AA7}.Release|Any CPU.ActiveCfg = Release|Any CPU
		{FE0E98BE-0C24-4C41-BFF6-E031630F5AA7}.Release|Any CPU.Build.0 = Release|Any CPU
		{7DD55FF1-54BF-4B4C-9B74-603C79D9EC07}.Debug|Any CPU.ActiveCfg = Debug|Any CPU
		{7DD55FF1-54BF-4B4C-9B74-603C79D9EC07}.Debug|Any CPU.Build.0 = Debug|Any CPU
		{7DD55FF1-54BF-4B4C-9B74-603C79D9EC07}.Release|Any CPU.ActiveCfg = Release|Any CPU
		{7DD55FF1-54BF-4B4C-9B74-603C79D9EC07}.Release|Any CPU.Build.0 = Release|Any CPU
		{2D0F834A-522F-4CF3-A6BB-BC2585D8505E}.Debug|Any CPU.ActiveCfg = Debug|Any CPU
		{2D0F834A-522F-4CF3-A6BB-BC2585D8505E}.Debug|Any CPU.Build.0 = Debug|Any CPU
		{2D0F834A-522F-4CF3-A6BB-BC2585D8505E}.Release|Any CPU.ActiveCfg = Release|Any CPU
		{2D0F834A-522F-4CF3-A6BB-BC2585D8505E}.Release|Any CPU.Build.0 = Release|Any CPU
		{9F61C73D-EFF4-4226-ADEF-4B32F03AA371}.Debug|Any CPU.ActiveCfg = Debug|Any CPU
		{9F61C73D-EFF4-4226-ADEF-4B32F03AA371}.Debug|Any CPU.Build.0 = Debug|Any CPU
		{9F61C73D-EFF4-4226-ADEF-4B32F03AA371}.Release|Any CPU.ActiveCfg = Release|Any CPU
		{9F61C73D-EFF4-4226-ADEF-4B32F03AA371}.Release|Any CPU.Build.0 = Release|Any CPU
		{4D0A145A-029E-4DD9-841F-302E8B2AB143}.Debug|Any CPU.ActiveCfg = Debug|Any CPU
		{4D0A145A-029E-4DD9-841F-302E8B2AB143}.Debug|Any CPU.Build.0 = Debug|Any CPU
		{4D0A145A-029E-4DD9-841F-302E8B2AB143}.Release|Any CPU.ActiveCfg = Release|Any CPU
		{4D0A145A-029E-4DD9-841F-302E8B2AB143}.Release|Any CPU.Build.0 = Release|Any CPU
		{150033CC-28E8-47B2-9704-F6203964B5F1}.Debug|Any CPU.ActiveCfg = Debug|Any CPU
		{150033CC-28E8-47B2-9704-F6203964B5F1}.Debug|Any CPU.Build.0 = Debug|Any CPU
		{150033CC-28E8-47B2-9704-F6203964B5F1}.Release|Any CPU.ActiveCfg = Release|Any CPU
		{150033CC-28E8-47B2-9704-F6203964B5F1}.Release|Any CPU.Build.0 = Release|Any CPU
		{AC89886C-4216-4D20-B8DD-CFEAFC6AB2C8}.Debug|Any CPU.ActiveCfg = Debug|Any CPU
		{AC89886C-4216-4D20-B8DD-CFEAFC6AB2C8}.Debug|Any CPU.Build.0 = Debug|Any CPU
		{AC89886C-4216-4D20-B8DD-CFEAFC6AB2C8}.Release|Any CPU.ActiveCfg = Release|Any CPU
		{AC89886C-4216-4D20-B8DD-CFEAFC6AB2C8}.Release|Any CPU.Build.0 = Release|Any CPU
		{45F1D4EB-AFB6-484B-90D3-DB684B76E693}.Debug|Any CPU.ActiveCfg = Debug|Any CPU
		{45F1D4EB-AFB6-484B-90D3-DB684B76E693}.Debug|Any CPU.Build.0 = Debug|Any CPU
		{45F1D4EB-AFB6-484B-90D3-DB684B76E693}.Release|Any CPU.ActiveCfg = Release|Any CPU
		{45F1D4EB-AFB6-484B-90D3-DB684B76E693}.Release|Any CPU.Build.0 = Release|Any CPU
		{2D702BA7-AB23-46BD-9F54-7F7E28322790}.Debug|Any CPU.ActiveCfg = Debug|Any CPU
		{2D702BA7-AB23-46BD-9F54-7F7E28322790}.Debug|Any CPU.Build.0 = Debug|Any CPU
		{2D702BA7-AB23-46BD-9F54-7F7E28322790}.Release|Any CPU.ActiveCfg = Release|Any CPU
		{2D702BA7-AB23-46BD-9F54-7F7E28322790}.Release|Any CPU.Build.0 = Release|Any CPU
		{A8113292-7E73-417A-8E23-9F69F5577816}.Debug|Any CPU.ActiveCfg = Debug|Any CPU
		{A8113292-7E73-417A-8E23-9F69F5577816}.Debug|Any CPU.Build.0 = Debug|Any CPU
		{A8113292-7E73-417A-8E23-9F69F5577816}.Release|Any CPU.ActiveCfg = Release|Any CPU
		{A8113292-7E73-417A-8E23-9F69F5577816}.Release|Any CPU.Build.0 = Release|Any CPU
	EndGlobalSection
	GlobalSection(SolutionProperties) = preSolution
		HideSolutionNode = FALSE
	EndGlobalSection
	GlobalSection(NestedProjects) = preSolution
		{22C6D47A-F770-4813-B363-F2C90455E870} = {FF1089BE-C704-4374-B629-C57C08E1798F}
		{0E6F09A3-61C4-4945-9DC8-5E00CE547DBD} = {FF1089BE-C704-4374-B629-C57C08E1798F}
		{6E287657-5A6D-42CA-999C-459C0AAA1806} = {FF1089BE-C704-4374-B629-C57C08E1798F}
		{203B9DE4-201C-4223-AD0E-4823777AB9A7} = {FF1089BE-C704-4374-B629-C57C08E1798F}
		{3EBD90E6-5237-4BB0-9C14-CC1FC5956A1B} = {FF1089BE-C704-4374-B629-C57C08E1798F}
		{3D57D565-3FDB-4975-8785-DC62C3AB8058} = {FF1089BE-C704-4374-B629-C57C08E1798F}
		{079E4289-E2C6-47A9-98C2-9193F8A5D415} = {FF1089BE-C704-4374-B629-C57C08E1798F}
		{BF6F0A50-93DA-4F40-9936-933FEBF3B5CA} = {FF1089BE-C704-4374-B629-C57C08E1798F}
		{A6FE7E0D-04EB-4E74-9C28-0B0920BEF7D4} = {FF1089BE-C704-4374-B629-C57C08E1798F}
		{72D0DB26-0437-499F-ACD6-4F90EA8513ED} = {FF1089BE-C704-4374-B629-C57C08E1798F}
		{F979AFA9-E3CF-43DF-A7EA-3C63213D3C72} = {FF1089BE-C704-4374-B629-C57C08E1798F}
		{C1BD1FA6-BFD5-42E3-ADB5-4D4BA51653BA} = {FF1089BE-C704-4374-B629-C57C08E1798F}
		{21A163D4-DC81-4B87-BA1B-9B5F48D66587} = {FF1089BE-C704-4374-B629-C57C08E1798F}
		{4E88785F-AD6A-4B57-BEC1-89F63A51BB63} = {FF1089BE-C704-4374-B629-C57C08E1798F}
		{D84EF7E9-2A5E-4EA8-BC2B-54289276A16D} = {FF1089BE-C704-4374-B629-C57C08E1798F}
		{CC30AFF5-305E-43C8-B230-1A82AE3041F2} = {FF1089BE-C704-4374-B629-C57C08E1798F}
		{CE85D4DD-6F4A-49AF-B575-2429FC545E7B} = {FF1089BE-C704-4374-B629-C57C08E1798F}
		{98BF777B-3AC1-4169-8633-F69D9A6EB275} = {FF1089BE-C704-4374-B629-C57C08E1798F}
		{AB6EE78F-B778-42BA-91AB-234AC4F60C16} = {FF1089BE-C704-4374-B629-C57C08E1798F}
		{7FFCC03C-147B-4257-A035-2A31A807F173} = {FF1089BE-C704-4374-B629-C57C08E1798F}
		{C546E031-1A92-409F-8E9C-4FD9A15FC042} = {FF1089BE-C704-4374-B629-C57C08E1798F}
		{26DEC31C-40C2-4F3B-9A9D-2BEA313AA59C} = {FF1089BE-C704-4374-B629-C57C08E1798F}
		{65181D1B-AD7C-4223-B230-6AB95EC1DA19} = {FF1089BE-C704-4374-B629-C57C08E1798F}
		{FBC02566-6622-43DC-B105-A0C95E9D94EB} = {FF1089BE-C704-4374-B629-C57C08E1798F}
		{14EBAC86-E192-4BFA-80C1-91F91BDDE6A4} = {FF1089BE-C704-4374-B629-C57C08E1798F}
		{A5F1444E-D86F-4740-BADD-EF042193FD92} = {FF1089BE-C704-4374-B629-C57C08E1798F}
		{C78E90E8-47EC-4A1E-A108-D0CD018CE417} = {FF1089BE-C704-4374-B629-C57C08E1798F}
		{9881C559-4DD1-48A7-B02C-5516FE06B513} = {FF1089BE-C704-4374-B629-C57C08E1798F}
		{A9D480F3-7D56-4E82-A71A-3378DE18A2D2} = {FF1089BE-C704-4374-B629-C57C08E1798F}
		{A6B947E9-450C-45D7-BDC0-AE3C12D3FBA3} = {FF1089BE-C704-4374-B629-C57C08E1798F}
		{2F286133-6A60-4A0C-B9AD-BFEE55F27DC6} = {FF1089BE-C704-4374-B629-C57C08E1798F}
		{80A0135B-6F5B-4CB0-90F5-0060D241136A} = {FF1089BE-C704-4374-B629-C57C08E1798F}
		{A2163EE1-9F38-425A-97B1-C4CDAD6E6DAD} = {FF1089BE-C704-4374-B629-C57C08E1798F}
		{B0D2BBC7-D1BB-4F7C-ADE0-59BEBF3BB5D0} = {FF1089BE-C704-4374-B629-C57C08E1798F}
		{4B71D8F7-CF9C-44CE-B371-45FBFEE0FB6E} = {FF1089BE-C704-4374-B629-C57C08E1798F}
		{F538D58D-58B1-4BA2-A933-E91AC168F568} = {FF1089BE-C704-4374-B629-C57C08E1798F}
		{BB03EAB9-9B5F-49E2-87CC-E61A06AF2DE7} = {FF1089BE-C704-4374-B629-C57C08E1798F}
		{309D35E1-8B17-4488-93BC-D6B301B1F853} = {FF1089BE-C704-4374-B629-C57C08E1798F}
		{CC7C4278-BC2E-49D0-BE18-BF8D28EFE6E7} = {FF1089BE-C704-4374-B629-C57C08E1798F}
		{BB7FBAC6-0F98-4443-B3A0-B7D0F4164D20} = {FF1089BE-C704-4374-B629-C57C08E1798F}
		{162A2C8E-767C-41A7-9020-729E79C4F1F9} = {FF1089BE-C704-4374-B629-C57C08E1798F}
		{E386EBD8-0028-42B7-8473-F26014C0E326} = {FF1089BE-C704-4374-B629-C57C08E1798F}
		{26452C1D-8FBB-419A-9667-01C34B7C6AC4} = {FF1089BE-C704-4374-B629-C57C08E1798F}
		{8B374E31-BBC3-4765-82C7-E124C4E1E731} = {FF1089BE-C704-4374-B629-C57C08E1798F}
		{496554A7-52B0-4E01-9CF3-08F0A2B2FCD8} = {FF1089BE-C704-4374-B629-C57C08E1798F}
		{7C875492-41A2-401D-90B1-161BCD5103DC} = {FF1089BE-C704-4374-B629-C57C08E1798F}
		{126D5C86-2C33-4E79-A762-DBEA6E7A779E} = {FF1089BE-C704-4374-B629-C57C08E1798F}
		{FE0E98BE-0C24-4C41-BFF6-E031630F5AA7} = {FF1089BE-C704-4374-B629-C57C08E1798F}
		{7DD55FF1-54BF-4B4C-9B74-603C79D9EC07} = {FF1089BE-C704-4374-B629-C57C08E1798F}
		{2D0F834A-522F-4CF3-A6BB-BC2585D8505E} = {FF1089BE-C704-4374-B629-C57C08E1798F}
		{9F61C73D-EFF4-4226-ADEF-4B32F03AA371} = {FF1089BE-C704-4374-B629-C57C08E1798F}
		{4D0A145A-029E-4DD9-841F-302E8B2AB143} = {FF1089BE-C704-4374-B629-C57C08E1798F}
		{150033CC-28E8-47B2-9704-F6203964B5F1} = {FF1089BE-C704-4374-B629-C57C08E1798F}
		{AC89886C-4216-4D20-B8DD-CFEAFC6AB2C8} = {FF1089BE-C704-4374-B629-C57C08E1798F}
		{45F1D4EB-AFB6-484B-90D3-DB684B76E693} = {FF1089BE-C704-4374-B629-C57C08E1798F}
		{2D702BA7-AB23-46BD-9F54-7F7E28322790} = {FF1089BE-C704-4374-B629-C57C08E1798F}
		{A8113292-7E73-417A-8E23-9F69F5577816} = {FF1089BE-C704-4374-B629-C57C08E1798F}
	EndGlobalSection
	GlobalSection(ExtensibilityGlobals) = postSolution
		SolutionGuid = {D5EB1960-6F30-4CE1-B375-EAE1F787D6FF}
	EndGlobalSection
EndGlobal
